// !$*UTF8*$!
{
	archiveVersion = 1;
	classes = {
	};
	objectVersion = 48;
	objects = {

/* Begin PBXBuildFile section */
		357810D13BFC4CBDA544F959 /* Pods_HomeBase.framework in Frameworks */ = {isa = PBXBuildFile; fileRef = 5DBCC19726630941F5990CD6 /* Pods_HomeBase.framework */; };
		725B85001FFE326B0024588D /* SignUpViewController.swift in Sources */ = {isa = PBXBuildFile; fileRef = 725B84FF1FFE326B0024588D /* SignUpViewController.swift */; };
		725B8508200180D90024588D /* RegisterPlayerInfoViewController.swift in Sources */ = {isa = PBXBuildFile; fileRef = 725B8507200180D90024588D /* RegisterPlayerInfoViewController.swift */; };
		725B850A200181350024588D /* RegisterUserInfoViewController.swift in Sources */ = {isa = PBXBuildFile; fileRef = 725B8509200181350024588D /* RegisterUserInfoViewController.swift */; };
		72881E7B1FFA8579009D23C2 /* AppDelegate.swift in Sources */ = {isa = PBXBuildFile; fileRef = 72881E7A1FFA8579009D23C2 /* AppDelegate.swift */; };
		72881E821FFA8579009D23C2 /* Assets.xcassets in Resources */ = {isa = PBXBuildFile; fileRef = 72881E811FFA8579009D23C2 /* Assets.xcassets */; };
		72881E851FFA8579009D23C2 /* LaunchScreen.storyboard in Resources */ = {isa = PBXBuildFile; fileRef = 72881E831FFA8579009D23C2 /* LaunchScreen.storyboard */; };
		72881E901FFA8579009D23C2 /* HomeBaseTests.swift in Sources */ = {isa = PBXBuildFile; fileRef = 72881E8F1FFA8579009D23C2 /* HomeBaseTests.swift */; };
		72881E9B1FFB2E0F009D23C2 /* GoogleService-Info.plist in Resources */ = {isa = PBXBuildFile; fileRef = 72881E9A1FFB2E0F009D23C2 /* GoogleService-Info.plist */; };
		72881E9E1FFB3291009D23C2 /* Start.storyboard in Resources */ = {isa = PBXBuildFile; fileRef = 72881E9C1FFB3291009D23C2 /* Start.storyboard */; };
		72881EA01FFB32F6009D23C2 /* LoginViewController.swift in Sources */ = {isa = PBXBuildFile; fileRef = 72881E9F1FFB32F6009D23C2 /* LoginViewController.swift */; };
		72881EA31FFB3B98009D23C2 /* Main.storyboard in Resources */ = {isa = PBXBuildFile; fileRef = 72881EA11FFB3B98009D23C2 /* Main.storyboard */; };
		72E96C96200600E000B68F29 /* RegisterTeamCreateViewController.swift in Sources */ = {isa = PBXBuildFile; fileRef = 72E96C95200600E000B68F29 /* RegisterTeamCreateViewController.swift */; };
		72E96C982006026200B68F29 /* RegisterTeamChoiceViewController.swift in Sources */ = {isa = PBXBuildFile; fileRef = 72E96C972006026200B68F29 /* RegisterTeamChoiceViewController.swift */; };
		72E96C9A200603A000B68F29 /* RegisterTeamJoinViewController.swift in Sources */ = {isa = PBXBuildFile; fileRef = 72E96C99200603A000B68F29 /* RegisterTeamJoinViewController.swift */; };
		72E96C9C200607D000B68F29 /* RegisterTeamNavigation.swift in Sources */ = {isa = PBXBuildFile; fileRef = 72E96C9B200607D000B68F29 /* RegisterTeamNavigation.swift */; };
		CADF9380625219F89F8972A3 /* Pods_HomeBaseTests.framework in Frameworks */ = {isa = PBXBuildFile; fileRef = 365E131BF0132C671D3B24D8 /* Pods_HomeBaseTests.framework */; };
/* End PBXBuildFile section */

/* Begin PBXContainerItemProxy section */
		72881E8C1FFA8579009D23C2 /* PBXContainerItemProxy */ = {
			isa = PBXContainerItemProxy;
			containerPortal = 72881E6F1FFA8579009D23C2 /* Project object */;
			proxyType = 1;
			remoteGlobalIDString = 72881E761FFA8579009D23C2;
			remoteInfo = HomeBase;
		};
/* End PBXContainerItemProxy section */

/* Begin PBXFileReference section */
		273D17BEBADC7FEBF4893D36 /* Pods-HomeBase.release.xcconfig */ = {isa = PBXFileReference; includeInIndex = 1; lastKnownFileType = text.xcconfig; name = "Pods-HomeBase.release.xcconfig"; path = "Pods/Target Support Files/Pods-HomeBase/Pods-HomeBase.release.xcconfig"; sourceTree = "<group>"; };
		365E131BF0132C671D3B24D8 /* Pods_HomeBaseTests.framework */ = {isa = PBXFileReference; explicitFileType = wrapper.framework; includeInIndex = 0; path = Pods_HomeBaseTests.framework; sourceTree = BUILT_PRODUCTS_DIR; };
		5DBCC19726630941F5990CD6 /* Pods_HomeBase.framework */ = {isa = PBXFileReference; explicitFileType = wrapper.framework; includeInIndex = 0; path = Pods_HomeBase.framework; sourceTree = BUILT_PRODUCTS_DIR; };
		725B84FF1FFE326B0024588D /* SignUpViewController.swift */ = {isa = PBXFileReference; lastKnownFileType = sourcecode.swift; path = SignUpViewController.swift; sourceTree = "<group>"; };
		725B8507200180D90024588D /* RegisterPlayerInfoViewController.swift */ = {isa = PBXFileReference; lastKnownFileType = sourcecode.swift; path = RegisterPlayerInfoViewController.swift; sourceTree = "<group>"; };
		725B8509200181350024588D /* RegisterUserInfoViewController.swift */ = {isa = PBXFileReference; lastKnownFileType = sourcecode.swift; path = RegisterUserInfoViewController.swift; sourceTree = "<group>"; };
		726101131FFD1B2D003068A4 /* HomeBase.entitlements */ = {isa = PBXFileReference; lastKnownFileType = text.plist.entitlements; path = HomeBase.entitlements; sourceTree = "<group>"; };
		72881E771FFA8579009D23C2 /* HomeBase.app */ = {isa = PBXFileReference; explicitFileType = wrapper.application; includeInIndex = 0; path = HomeBase.app; sourceTree = BUILT_PRODUCTS_DIR; };
		72881E7A1FFA8579009D23C2 /* AppDelegate.swift */ = {isa = PBXFileReference; lastKnownFileType = sourcecode.swift; path = AppDelegate.swift; sourceTree = "<group>"; };
		72881E811FFA8579009D23C2 /* Assets.xcassets */ = {isa = PBXFileReference; lastKnownFileType = folder.assetcatalog; path = Assets.xcassets; sourceTree = "<group>"; };
		72881E841FFA8579009D23C2 /* Base */ = {isa = PBXFileReference; lastKnownFileType = file.storyboard; name = Base; path = Base.lproj/LaunchScreen.storyboard; sourceTree = "<group>"; };
		72881E861FFA8579009D23C2 /* Info.plist */ = {isa = PBXFileReference; lastKnownFileType = text.plist.xml; path = Info.plist; sourceTree = "<group>"; };
		72881E8B1FFA8579009D23C2 /* HomeBaseTests.xctest */ = {isa = PBXFileReference; explicitFileType = wrapper.cfbundle; includeInIndex = 0; path = HomeBaseTests.xctest; sourceTree = BUILT_PRODUCTS_DIR; };
		72881E8F1FFA8579009D23C2 /* HomeBaseTests.swift */ = {isa = PBXFileReference; lastKnownFileType = sourcecode.swift; path = HomeBaseTests.swift; sourceTree = "<group>"; };
		72881E911FFA8579009D23C2 /* Info.plist */ = {isa = PBXFileReference; lastKnownFileType = text.plist.xml; path = Info.plist; sourceTree = "<group>"; };
		72881E9A1FFB2E0F009D23C2 /* GoogleService-Info.plist */ = {isa = PBXFileReference; fileEncoding = 4; lastKnownFileType = text.plist.xml; path = "GoogleService-Info.plist"; sourceTree = "<group>"; };
		72881E9D1FFB3291009D23C2 /* Base */ = {isa = PBXFileReference; lastKnownFileType = file.storyboard; name = Base; path = Base.lproj/Start.storyboard; sourceTree = "<group>"; };
		72881E9F1FFB32F6009D23C2 /* LoginViewController.swift */ = {isa = PBXFileReference; lastKnownFileType = sourcecode.swift; path = LoginViewController.swift; sourceTree = "<group>"; };
		72881EA21FFB3B98009D23C2 /* Base */ = {isa = PBXFileReference; lastKnownFileType = file.storyboard; name = Base; path = Base.lproj/Main.storyboard; sourceTree = "<group>"; };
		72E96C95200600E000B68F29 /* RegisterTeamCreateViewController.swift */ = {isa = PBXFileReference; lastKnownFileType = sourcecode.swift; path = RegisterTeamCreateViewController.swift; sourceTree = "<group>"; };
		72E96C972006026200B68F29 /* RegisterTeamChoiceViewController.swift */ = {isa = PBXFileReference; lastKnownFileType = sourcecode.swift; path = RegisterTeamChoiceViewController.swift; sourceTree = "<group>"; };
		72E96C99200603A000B68F29 /* RegisterTeamJoinViewController.swift */ = {isa = PBXFileReference; lastKnownFileType = sourcecode.swift; path = RegisterTeamJoinViewController.swift; sourceTree = "<group>"; };
		72E96C9B200607D000B68F29 /* RegisterTeamNavigation.swift */ = {isa = PBXFileReference; lastKnownFileType = sourcecode.swift; path = RegisterTeamNavigation.swift; sourceTree = "<group>"; };
		85D28CE54F7FB2CB3B7FE2D2 /* Pods-HomeBase.debug.xcconfig */ = {isa = PBXFileReference; includeInIndex = 1; lastKnownFileType = text.xcconfig; name = "Pods-HomeBase.debug.xcconfig"; path = "Pods/Target Support Files/Pods-HomeBase/Pods-HomeBase.debug.xcconfig"; sourceTree = "<group>"; };
		A196C76AF66304FEA028D6BC /* Pods-HomeBaseTests.release.xcconfig */ = {isa = PBXFileReference; includeInIndex = 1; lastKnownFileType = text.xcconfig; name = "Pods-HomeBaseTests.release.xcconfig"; path = "Pods/Target Support Files/Pods-HomeBaseTests/Pods-HomeBaseTests.release.xcconfig"; sourceTree = "<group>"; };
		B1610B1C17C0264F1B7B9E0A /* Pods-HomeBaseTests.debug.xcconfig */ = {isa = PBXFileReference; includeInIndex = 1; lastKnownFileType = text.xcconfig; name = "Pods-HomeBaseTests.debug.xcconfig"; path = "Pods/Target Support Files/Pods-HomeBaseTests/Pods-HomeBaseTests.debug.xcconfig"; sourceTree = "<group>"; };
/* End PBXFileReference section */

/* Begin PBXFrameworksBuildPhase section */
		72881E741FFA8579009D23C2 /* Frameworks */ = {
			isa = PBXFrameworksBuildPhase;
			buildActionMask = 2147483647;
			files = (
				357810D13BFC4CBDA544F959 /* Pods_HomeBase.framework in Frameworks */,
			);
			runOnlyForDeploymentPostprocessing = 0;
		};
		72881E881FFA8579009D23C2 /* Frameworks */ = {
			isa = PBXFrameworksBuildPhase;
			buildActionMask = 2147483647;
			files = (
				CADF9380625219F89F8972A3 /* Pods_HomeBaseTests.framework in Frameworks */,
			);
			runOnlyForDeploymentPostprocessing = 0;
		};
/* End PBXFrameworksBuildPhase section */

/* Begin PBXGroup section */
		72881E6E1FFA8579009D23C2 = {
			isa = PBXGroup;
			children = (
				72881E791FFA8579009D23C2 /* HomeBase */,
				72881E8E1FFA8579009D23C2 /* HomeBaseTests */,
				72881E781FFA8579009D23C2 /* Products */,
				FB28203141E29E461EBCD924 /* Pods */,
				F34A4FAEB3520F2A1C92E813 /* Frameworks */,
			);
			sourceTree = "<group>";
		};
		72881E781FFA8579009D23C2 /* Products */ = {
			isa = PBXGroup;
			children = (
				72881E771FFA8579009D23C2 /* HomeBase.app */,
				72881E8B1FFA8579009D23C2 /* HomeBaseTests.xctest */,
			);
			name = Products;
			sourceTree = "<group>";
		};
		72881E791FFA8579009D23C2 /* HomeBase */ = {
			isa = PBXGroup;
			children = (
				726101131FFD1B2D003068A4 /* HomeBase.entitlements */,
				72881E7A1FFA8579009D23C2 /* AppDelegate.swift */,
				72881E9F1FFB32F6009D23C2 /* LoginViewController.swift */,
				725B84FF1FFE326B0024588D /* SignUpViewController.swift */,
				72E96C9B200607D000B68F29 /* RegisterTeamNavigation.swift */,
				72E96C972006026200B68F29 /* RegisterTeamChoiceViewController.swift */,
				72E96C95200600E000B68F29 /* RegisterTeamCreateViewController.swift */,
				72E96C99200603A000B68F29 /* RegisterTeamJoinViewController.swift */,
				725B8509200181350024588D /* RegisterUserInfoViewController.swift */,
				725B8507200180D90024588D /* RegisterPlayerInfoViewController.swift */,
				72881EA11FFB3B98009D23C2 /* Main.storyboard */,
				72881E9C1FFB3291009D23C2 /* Start.storyboard */,
				72881E831FFA8579009D23C2 /* LaunchScreen.storyboard */,
				72881E861FFA8579009D23C2 /* Info.plist */,
				72881E9A1FFB2E0F009D23C2 /* GoogleService-Info.plist */,
				72881E811FFA8579009D23C2 /* Assets.xcassets */,
			);
			path = HomeBase;
			sourceTree = "<group>";
		};
		72881E8E1FFA8579009D23C2 /* HomeBaseTests */ = {
			isa = PBXGroup;
			children = (
				72881E8F1FFA8579009D23C2 /* HomeBaseTests.swift */,
				72881E911FFA8579009D23C2 /* Info.plist */,
			);
			path = HomeBaseTests;
			sourceTree = "<group>";
		};
		F34A4FAEB3520F2A1C92E813 /* Frameworks */ = {
			isa = PBXGroup;
			children = (
				5DBCC19726630941F5990CD6 /* Pods_HomeBase.framework */,
				365E131BF0132C671D3B24D8 /* Pods_HomeBaseTests.framework */,
			);
			name = Frameworks;
			sourceTree = "<group>";
		};
		FB28203141E29E461EBCD924 /* Pods */ = {
			isa = PBXGroup;
			children = (
				85D28CE54F7FB2CB3B7FE2D2 /* Pods-HomeBase.debug.xcconfig */,
				273D17BEBADC7FEBF4893D36 /* Pods-HomeBase.release.xcconfig */,
				B1610B1C17C0264F1B7B9E0A /* Pods-HomeBaseTests.debug.xcconfig */,
				A196C76AF66304FEA028D6BC /* Pods-HomeBaseTests.release.xcconfig */,
			);
			name = Pods;
			sourceTree = "<group>";
		};
/* End PBXGroup section */

/* Begin PBXNativeTarget section */
		72881E761FFA8579009D23C2 /* HomeBase */ = {
			isa = PBXNativeTarget;
			buildConfigurationList = 72881E941FFA8579009D23C2 /* Build configuration list for PBXNativeTarget "HomeBase" */;
			buildPhases = (
				C9C615D0C4425B6597D7968F /* [CP] Check Pods Manifest.lock */,
				72881E731FFA8579009D23C2 /* Sources */,
				72881E741FFA8579009D23C2 /* Frameworks */,
				72881E751FFA8579009D23C2 /* Resources */,
				517BF6D3467D030BFD7782D8 /* [CP] Embed Pods Frameworks */,
				3B2370CB4D696E9810501E30 /* [CP] Copy Pods Resources */,
			);
			buildRules = (
			);
			dependencies = (
			);
			name = HomeBase;
			productName = HomeBase;
			productReference = 72881E771FFA8579009D23C2 /* HomeBase.app */;
			productType = "com.apple.product-type.application";
		};
		72881E8A1FFA8579009D23C2 /* HomeBaseTests */ = {
			isa = PBXNativeTarget;
			buildConfigurationList = 72881E971FFA8579009D23C2 /* Build configuration list for PBXNativeTarget "HomeBaseTests" */;
			buildPhases = (
				A102BA777BF4264FF177046C /* [CP] Check Pods Manifest.lock */,
				72881E871FFA8579009D23C2 /* Sources */,
				72881E881FFA8579009D23C2 /* Frameworks */,
				72881E891FFA8579009D23C2 /* Resources */,
				82082EBF1B087E8F86128607 /* [CP] Embed Pods Frameworks */,
				C92F02D14F7E95F3029782DC /* [CP] Copy Pods Resources */,
			);
			buildRules = (
			);
			dependencies = (
				72881E8D1FFA8579009D23C2 /* PBXTargetDependency */,
			);
			name = HomeBaseTests;
			productName = HomeBaseTests;
			productReference = 72881E8B1FFA8579009D23C2 /* HomeBaseTests.xctest */;
			productType = "com.apple.product-type.bundle.unit-test";
		};
/* End PBXNativeTarget section */

/* Begin PBXProject section */
		72881E6F1FFA8579009D23C2 /* Project object */ = {
			isa = PBXProject;
			attributes = {
				LastSwiftUpdateCheck = 0920;
				LastUpgradeCheck = 0920;
				ORGANIZATIONNAME = "JUN LEE";
				TargetAttributes = {
					72881E761FFA8579009D23C2 = {
						CreatedOnToolsVersion = 9.2;
						ProvisioningStyle = Automatic;
						SystemCapabilities = {
							com.apple.Keychain = {
								enabled = 1;
							};
						};
					};
					72881E8A1FFA8579009D23C2 = {
						CreatedOnToolsVersion = 9.2;
						ProvisioningStyle = Automatic;
						TestTargetID = 72881E761FFA8579009D23C2;
					};
				};
			};
			buildConfigurationList = 72881E721FFA8579009D23C2 /* Build configuration list for PBXProject "HomeBase" */;
			compatibilityVersion = "Xcode 8.0";
			developmentRegion = en;
			hasScannedForEncodings = 0;
			knownRegions = (
				en,
				Base,
			);
			mainGroup = 72881E6E1FFA8579009D23C2;
			productRefGroup = 72881E781FFA8579009D23C2 /* Products */;
			projectDirPath = "";
			projectRoot = "";
			targets = (
				72881E761FFA8579009D23C2 /* HomeBase */,
				72881E8A1FFA8579009D23C2 /* HomeBaseTests */,
			);
		};
/* End PBXProject section */

/* Begin PBXResourcesBuildPhase section */
		72881E751FFA8579009D23C2 /* Resources */ = {
			isa = PBXResourcesBuildPhase;
			buildActionMask = 2147483647;
			files = (
				72881E851FFA8579009D23C2 /* LaunchScreen.storyboard in Resources */,
				72881EA31FFB3B98009D23C2 /* Main.storyboard in Resources */,
				72881E9B1FFB2E0F009D23C2 /* GoogleService-Info.plist in Resources */,
				72881E821FFA8579009D23C2 /* Assets.xcassets in Resources */,
				72881E9E1FFB3291009D23C2 /* Start.storyboard in Resources */,
			);
			runOnlyForDeploymentPostprocessing = 0;
		};
		72881E891FFA8579009D23C2 /* Resources */ = {
			isa = PBXResourcesBuildPhase;
			buildActionMask = 2147483647;
			files = (
			);
			runOnlyForDeploymentPostprocessing = 0;
		};
/* End PBXResourcesBuildPhase section */

/* Begin PBXShellScriptBuildPhase section */
		3B2370CB4D696E9810501E30 /* [CP] Copy Pods Resources */ = {
			isa = PBXShellScriptBuildPhase;
			buildActionMask = 2147483647;
			files = (
			);
			inputPaths = (
				"${SRCROOT}/Pods/Target Support Files/Pods-HomeBase/Pods-HomeBase-resources.sh",
				"${PODS_ROOT}/GoogleSignIn/Resources/GoogleSignIn.bundle",
			);
			name = "[CP] Copy Pods Resources";
			outputPaths = (
				"${TARGET_BUILD_DIR}/${UNLOCALIZED_RESOURCES_FOLDER_PATH}",
			);
			runOnlyForDeploymentPostprocessing = 0;
			shellPath = /bin/sh;
			shellScript = "\"${SRCROOT}/Pods/Target Support Files/Pods-HomeBase/Pods-HomeBase-resources.sh\"\n";
			showEnvVarsInLog = 0;
		};
		517BF6D3467D030BFD7782D8 /* [CP] Embed Pods Frameworks */ = {
			isa = PBXShellScriptBuildPhase;
			buildActionMask = 2147483647;
			files = (
			);
			inputPaths = (
				"${SRCROOT}/Pods/Target Support Files/Pods-HomeBase/Pods-HomeBase-frameworks.sh",
				"${BUILT_PRODUCTS_DIR}/Bolts/Bolts.framework",
				"${BUILT_PRODUCTS_DIR}/FBSDKCoreKit/FBSDKCoreKit.framework",
				"${BUILT_PRODUCTS_DIR}/FBSDKLoginKit/FBSDKLoginKit.framework",
				"${BUILT_PRODUCTS_DIR}/FBSDKShareKit/FBSDKShareKit.framework",
				"${BUILT_PRODUCTS_DIR}/FacebookCore/FacebookCore.framework",
				"${BUILT_PRODUCTS_DIR}/FacebookShare/FacebookShare.framework",
				"${BUILT_PRODUCTS_DIR}/GTMOAuth2/GTMOAuth2.framework",
				"${BUILT_PRODUCTS_DIR}/GTMSessionFetcher/GTMSessionFetcher.framework",
				"${BUILT_PRODUCTS_DIR}/GoogleToolboxForMac/GoogleToolboxForMac.framework",
				"${BUILT_PRODUCTS_DIR}/nanopb/nanopb.framework",
			);
			name = "[CP] Embed Pods Frameworks";
			outputPaths = (
				"${TARGET_BUILD_DIR}/${FRAMEWORKS_FOLDER_PATH}/Bolts.framework",
				"${TARGET_BUILD_DIR}/${FRAMEWORKS_FOLDER_PATH}/FBSDKCoreKit.framework",
				"${TARGET_BUILD_DIR}/${FRAMEWORKS_FOLDER_PATH}/FBSDKLoginKit.framework",
				"${TARGET_BUILD_DIR}/${FRAMEWORKS_FOLDER_PATH}/FBSDKShareKit.framework",
				"${TARGET_BUILD_DIR}/${FRAMEWORKS_FOLDER_PATH}/FacebookCore.framework",
				"${TARGET_BUILD_DIR}/${FRAMEWORKS_FOLDER_PATH}/FacebookShare.framework",
				"${TARGET_BUILD_DIR}/${FRAMEWORKS_FOLDER_PATH}/GTMOAuth2.framework",
				"${TARGET_BUILD_DIR}/${FRAMEWORKS_FOLDER_PATH}/GTMSessionFetcher.framework",
				"${TARGET_BUILD_DIR}/${FRAMEWORKS_FOLDER_PATH}/GoogleToolboxForMac.framework",
				"${TARGET_BUILD_DIR}/${FRAMEWORKS_FOLDER_PATH}/nanopb.framework",
			);
			runOnlyForDeploymentPostprocessing = 0;
			shellPath = /bin/sh;
			shellScript = "\"${SRCROOT}/Pods/Target Support Files/Pods-HomeBase/Pods-HomeBase-frameworks.sh\"\n";
			showEnvVarsInLog = 0;
		};
		82082EBF1B087E8F86128607 /* [CP] Embed Pods Frameworks */ = {
			isa = PBXShellScriptBuildPhase;
			buildActionMask = 2147483647;
			files = (
			);
			inputPaths = (
			);
			name = "[CP] Embed Pods Frameworks";
			outputPaths = (
			);
			runOnlyForDeploymentPostprocessing = 0;
			shellPath = /bin/sh;
			shellScript = "\"${SRCROOT}/Pods/Target Support Files/Pods-HomeBaseTests/Pods-HomeBaseTests-frameworks.sh\"\n";
			showEnvVarsInLog = 0;
		};
		A102BA777BF4264FF177046C /* [CP] Check Pods Manifest.lock */ = {
			isa = PBXShellScriptBuildPhase;
			buildActionMask = 2147483647;
			files = (
			);
			inputPaths = (
				"${PODS_PODFILE_DIR_PATH}/Podfile.lock",
				"${PODS_ROOT}/Manifest.lock",
			);
			name = "[CP] Check Pods Manifest.lock";
			outputPaths = (
				"$(DERIVED_FILE_DIR)/Pods-HomeBaseTests-checkManifestLockResult.txt",
			);
			runOnlyForDeploymentPostprocessing = 0;
			shellPath = /bin/sh;
			shellScript = "diff \"${PODS_PODFILE_DIR_PATH}/Podfile.lock\" \"${PODS_ROOT}/Manifest.lock\" > /dev/null\nif [ $? != 0 ] ; then\n    # print error to STDERR\n    echo \"error: The sandbox is not in sync with the Podfile.lock. Run 'pod install' or update your CocoaPods installation.\" >&2\n    exit 1\nfi\n# This output is used by Xcode 'outputs' to avoid re-running this script phase.\necho \"SUCCESS\" > \"${SCRIPT_OUTPUT_FILE_0}\"\n";
			showEnvVarsInLog = 0;
		};
		C92F02D14F7E95F3029782DC /* [CP] Copy Pods Resources */ = {
			isa = PBXShellScriptBuildPhase;
			buildActionMask = 2147483647;
			files = (
			);
			inputPaths = (
			);
			name = "[CP] Copy Pods Resources";
			outputPaths = (
			);
			runOnlyForDeploymentPostprocessing = 0;
			shellPath = /bin/sh;
			shellScript = "\"${SRCROOT}/Pods/Target Support Files/Pods-HomeBaseTests/Pods-HomeBaseTests-resources.sh\"\n";
			showEnvVarsInLog = 0;
		};
		C9C615D0C4425B6597D7968F /* [CP] Check Pods Manifest.lock */ = {
			isa = PBXShellScriptBuildPhase;
			buildActionMask = 2147483647;
			files = (
			);
			inputPaths = (
				"${PODS_PODFILE_DIR_PATH}/Podfile.lock",
				"${PODS_ROOT}/Manifest.lock",
			);
			name = "[CP] Check Pods Manifest.lock";
			outputPaths = (
				"$(DERIVED_FILE_DIR)/Pods-HomeBase-checkManifestLockResult.txt",
			);
			runOnlyForDeploymentPostprocessing = 0;
			shellPath = /bin/sh;
			shellScript = "diff \"${PODS_PODFILE_DIR_PATH}/Podfile.lock\" \"${PODS_ROOT}/Manifest.lock\" > /dev/null\nif [ $? != 0 ] ; then\n    # print error to STDERR\n    echo \"error: The sandbox is not in sync with the Podfile.lock. Run 'pod install' or update your CocoaPods installation.\" >&2\n    exit 1\nfi\n# This output is used by Xcode 'outputs' to avoid re-running this script phase.\necho \"SUCCESS\" > \"${SCRIPT_OUTPUT_FILE_0}\"\n";
			showEnvVarsInLog = 0;
		};
/* End PBXShellScriptBuildPhase section */

/* Begin PBXSourcesBuildPhase section */
		72881E731FFA8579009D23C2 /* Sources */ = {
			isa = PBXSourcesBuildPhase;
			buildActionMask = 2147483647;
			files = (
				72E96C9A200603A000B68F29 /* RegisterTeamJoinViewController.swift in Sources */,
				725B850A200181350024588D /* RegisterUserInfoViewController.swift in Sources */,
				72881EA01FFB32F6009D23C2 /* LoginViewController.swift in Sources */,
				72E96C96200600E000B68F29 /* RegisterTeamCreateViewController.swift in Sources */,
				72E96C9C200607D000B68F29 /* RegisterTeamNavigation.swift in Sources */,
				725B8508200180D90024588D /* RegisterPlayerInfoViewController.swift in Sources */,
				725B85001FFE326B0024588D /* SignUpViewController.swift in Sources */,
				72881E7B1FFA8579009D23C2 /* AppDelegate.swift in Sources */,
				72E96C982006026200B68F29 /* RegisterTeamChoiceViewController.swift in Sources */,
			);
			runOnlyForDeploymentPostprocessing = 0;
		};
		72881E871FFA8579009D23C2 /* Sources */ = {
			isa = PBXSourcesBuildPhase;
			buildActionMask = 2147483647;
			files = (
				72881E901FFA8579009D23C2 /* HomeBaseTests.swift in Sources */,
			);
			runOnlyForDeploymentPostprocessing = 0;
		};
/* End PBXSourcesBuildPhase section */

/* Begin PBXTargetDependency section */
		72881E8D1FFA8579009D23C2 /* PBXTargetDependency */ = {
			isa = PBXTargetDependency;
			target = 72881E761FFA8579009D23C2 /* HomeBase */;
			targetProxy = 72881E8C1FFA8579009D23C2 /* PBXContainerItemProxy */;
		};
/* End PBXTargetDependency section */

/* Begin PBXVariantGroup section */
		72881E831FFA8579009D23C2 /* LaunchScreen.storyboard */ = {
			isa = PBXVariantGroup;
			children = (
				72881E841FFA8579009D23C2 /* Base */,
			);
			name = LaunchScreen.storyboard;
			sourceTree = "<group>";
		};
		72881E9C1FFB3291009D23C2 /* Start.storyboard */ = {
			isa = PBXVariantGroup;
			children = (
				72881E9D1FFB3291009D23C2 /* Base */,
			);
			name = Start.storyboard;
			sourceTree = "<group>";
		};
		72881EA11FFB3B98009D23C2 /* Main.storyboard */ = {
			isa = PBXVariantGroup;
			children = (
				72881EA21FFB3B98009D23C2 /* Base */,
			);
			name = Main.storyboard;
			sourceTree = "<group>";
		};
/* End PBXVariantGroup section */

/* Begin XCBuildConfiguration section */
		72881E921FFA8579009D23C2 /* Debug */ = {
			isa = XCBuildConfiguration;
			buildSettings = {
				ALWAYS_SEARCH_USER_PATHS = NO;
				CLANG_ANALYZER_NONNULL = YES;
				CLANG_ANALYZER_NUMBER_OBJECT_CONVERSION = YES_AGGRESSIVE;
				CLANG_CXX_LANGUAGE_STANDARD = "gnu++14";
				CLANG_CXX_LIBRARY = "libc++";
				CLANG_ENABLE_MODULES = YES;
				CLANG_ENABLE_OBJC_ARC = YES;
				CLANG_WARN_BLOCK_CAPTURE_AUTORELEASING = YES;
				CLANG_WARN_BOOL_CONVERSION = YES;
				CLANG_WARN_COMMA = YES;
				CLANG_WARN_CONSTANT_CONVERSION = YES;
				CLANG_WARN_DIRECT_OBJC_ISA_USAGE = YES_ERROR;
				CLANG_WARN_DOCUMENTATION_COMMENTS = YES;
				CLANG_WARN_EMPTY_BODY = YES;
				CLANG_WARN_ENUM_CONVERSION = YES;
				CLANG_WARN_INFINITE_RECURSION = YES;
				CLANG_WARN_INT_CONVERSION = YES;
				CLANG_WARN_NON_LITERAL_NULL_CONVERSION = YES;
				CLANG_WARN_OBJC_LITERAL_CONVERSION = YES;
				CLANG_WARN_OBJC_ROOT_CLASS = YES_ERROR;
				CLANG_WARN_RANGE_LOOP_ANALYSIS = YES;
				CLANG_WARN_STRICT_PROTOTYPES = YES;
				CLANG_WARN_SUSPICIOUS_MOVE = YES;
				CLANG_WARN_UNGUARDED_AVAILABILITY = YES_AGGRESSIVE;
				CLANG_WARN_UNREACHABLE_CODE = YES;
				CLANG_WARN__DUPLICATE_METHOD_MATCH = YES;
				CODE_SIGN_IDENTITY = "iPhone Developer";
				COPY_PHASE_STRIP = NO;
				DEBUG_INFORMATION_FORMAT = dwarf;
				ENABLE_STRICT_OBJC_MSGSEND = YES;
				ENABLE_TESTABILITY = YES;
				GCC_C_LANGUAGE_STANDARD = gnu11;
				GCC_DYNAMIC_NO_PIC = NO;
				GCC_NO_COMMON_BLOCKS = YES;
				GCC_OPTIMIZATION_LEVEL = 0;
				GCC_PREPROCESSOR_DEFINITIONS = (
					"DEBUG=1",
					"$(inherited)",
				);
				GCC_WARN_64_TO_32_BIT_CONVERSION = YES;
				GCC_WARN_ABOUT_RETURN_TYPE = YES_ERROR;
				GCC_WARN_UNDECLARED_SELECTOR = YES;
				GCC_WARN_UNINITIALIZED_AUTOS = YES_AGGRESSIVE;
				GCC_WARN_UNUSED_FUNCTION = YES;
				GCC_WARN_UNUSED_VARIABLE = YES;
				IPHONEOS_DEPLOYMENT_TARGET = 11.2;
				MTL_ENABLE_DEBUG_INFO = YES;
				ONLY_ACTIVE_ARCH = YES;
				SDKROOT = iphoneos;
				SWIFT_ACTIVE_COMPILATION_CONDITIONS = DEBUG;
				SWIFT_OPTIMIZATION_LEVEL = "-Onone";
			};
			name = Debug;
		};
		72881E931FFA8579009D23C2 /* Release */ = {
			isa = XCBuildConfiguration;
			buildSettings = {
				ALWAYS_SEARCH_USER_PATHS = NO;
				CLANG_ANALYZER_NONNULL = YES;
				CLANG_ANALYZER_NUMBER_OBJECT_CONVERSION = YES_AGGRESSIVE;
				CLANG_CXX_LANGUAGE_STANDARD = "gnu++14";
				CLANG_CXX_LIBRARY = "libc++";
				CLANG_ENABLE_MODULES = YES;
				CLANG_ENABLE_OBJC_ARC = YES;
				CLANG_WARN_BLOCK_CAPTURE_AUTORELEASING = YES;
				CLANG_WARN_BOOL_CONVERSION = YES;
				CLANG_WARN_COMMA = YES;
				CLANG_WARN_CONSTANT_CONVERSION = YES;
				CLANG_WARN_DIRECT_OBJC_ISA_USAGE = YES_ERROR;
				CLANG_WARN_DOCUMENTATION_COMMENTS = YES;
				CLANG_WARN_EMPTY_BODY = YES;
				CLANG_WARN_ENUM_CONVERSION = YES;
				CLANG_WARN_INFINITE_RECURSION = YES;
				CLANG_WARN_INT_CONVERSION = YES;
				CLANG_WARN_NON_LITERAL_NULL_CONVERSION = YES;
				CLANG_WARN_OBJC_LITERAL_CONVERSION = YES;
				CLANG_WARN_OBJC_ROOT_CLASS = YES_ERROR;
				CLANG_WARN_RANGE_LOOP_ANALYSIS = YES;
				CLANG_WARN_STRICT_PROTOTYPES = YES;
				CLANG_WARN_SUSPICIOUS_MOVE = YES;
				CLANG_WARN_UNGUARDED_AVAILABILITY = YES_AGGRESSIVE;
				CLANG_WARN_UNREACHABLE_CODE = YES;
				CLANG_WARN__DUPLICATE_METHOD_MATCH = YES;
				CODE_SIGN_IDENTITY = "iPhone Developer";
				COPY_PHASE_STRIP = NO;
				DEBUG_INFORMATION_FORMAT = "dwarf-with-dsym";
				ENABLE_NS_ASSERTIONS = NO;
				ENABLE_STRICT_OBJC_MSGSEND = YES;
				GCC_C_LANGUAGE_STANDARD = gnu11;
				GCC_NO_COMMON_BLOCKS = YES;
				GCC_WARN_64_TO_32_BIT_CONVERSION = YES;
				GCC_WARN_ABOUT_RETURN_TYPE = YES_ERROR;
				GCC_WARN_UNDECLARED_SELECTOR = YES;
				GCC_WARN_UNINITIALIZED_AUTOS = YES_AGGRESSIVE;
				GCC_WARN_UNUSED_FUNCTION = YES;
				GCC_WARN_UNUSED_VARIABLE = YES;
				IPHONEOS_DEPLOYMENT_TARGET = 11.2;
				MTL_ENABLE_DEBUG_INFO = NO;
				SDKROOT = iphoneos;
				SWIFT_OPTIMIZATION_LEVEL = "-Owholemodule";
				VALIDATE_PRODUCT = YES;
			};
			name = Release;
		};
		72881E951FFA8579009D23C2 /* Debug */ = {
			isa = XCBuildConfiguration;
			baseConfigurationReference = 85D28CE54F7FB2CB3B7FE2D2 /* Pods-HomeBase.debug.xcconfig */;
			buildSettings = {
				ASSETCATALOG_COMPILER_APPICON_NAME = AppIcon;
				CODE_SIGN_ENTITLEMENTS = HomeBase/HomeBase.entitlements;
				CODE_SIGN_STYLE = Automatic;
				DEVELOPMENT_TEAM = 836DYQVDP8;
				INFOPLIST_FILE = HomeBase/Info.plist;
				LD_RUNPATH_SEARCH_PATHS = "$(inherited) @executable_path/Frameworks";
				PRODUCT_BUNDLE_IDENTIFIER = com.leejun.HomeBase;
				PRODUCT_NAME = "$(TARGET_NAME)";
				SWIFT_VERSION = 4.0;
				TARGETED_DEVICE_FAMILY = 1;
			};
			name = Debug;
		};
		72881E961FFA8579009D23C2 /* Release */ = {
			isa = XCBuildConfiguration;
			baseConfigurationReference = 273D17BEBADC7FEBF4893D36 /* Pods-HomeBase.release.xcconfig */;
			buildSettings = {
				ASSETCATALOG_COMPILER_APPICON_NAME = AppIcon;
				CODE_SIGN_ENTITLEMENTS = HomeBase/HomeBase.entitlements;
				CODE_SIGN_STYLE = Automatic;
				DEVELOPMENT_TEAM = 836DYQVDP8;
				INFOPLIST_FILE = HomeBase/Info.plist;
				LD_RUNPATH_SEARCH_PATHS = "$(inherited) @executable_path/Frameworks";
				PRODUCT_BUNDLE_IDENTIFIER = com.leejun.HomeBase;
				PRODUCT_NAME = "$(TARGET_NAME)";
				SWIFT_VERSION = 4.0;
				TARGETED_DEVICE_FAMILY = 1;
			};
			name = Release;
		};
		72881E981FFA8579009D23C2 /* Debug */ = {
			isa = XCBuildConfiguration;
			baseConfigurationReference = B1610B1C17C0264F1B7B9E0A /* Pods-HomeBaseTests.debug.xcconfig */;
			buildSettings = {
				ALWAYS_EMBED_SWIFT_STANDARD_LIBRARIES = YES;
				BUNDLE_LOADER = "$(TEST_HOST)";
				CODE_SIGN_STYLE = Automatic;
				DEVELOPMENT_TEAM = 836DYQVDP8;
				INFOPLIST_FILE = HomeBaseTests/Info.plist;
				LD_RUNPATH_SEARCH_PATHS = "$(inherited) @executable_path/Frameworks @loader_path/Frameworks";
				PRODUCT_BUNDLE_IDENTIFIER = com.leejun.HomeBaseTests;
				PRODUCT_NAME = "$(TARGET_NAME)";
				SWIFT_VERSION = 4.0;
				TARGETED_DEVICE_FAMILY = "1,2";
				TEST_HOST = "$(BUILT_PRODUCTS_DIR)/HomeBase.app/HomeBase";
			};
			name = Debug;
		};
		72881E991FFA8579009D23C2 /* Release */ = {
			isa = XCBuildConfiguration;
			baseConfigurationReference = A196C76AF66304FEA028D6BC /* Pods-HomeBaseTests.release.xcconfig */;
			buildSettings = {
				ALWAYS_EMBED_SWIFT_STANDARD_LIBRARIES = YES;
				BUNDLE_LOADER = "$(TEST_HOST)";
				CODE_SIGN_STYLE = Automatic;
				DEVELOPMENT_TEAM = 836DYQVDP8;
				INFOPLIST_FILE = HomeBaseTests/Info.plist;
				LD_RUNPATH_SEARCH_PATHS = "$(inherited) @executable_path/Frameworks @loader_path/Frameworks";
				PRODUCT_BUNDLE_IDENTIFIER = com.leejun.HomeBaseTests;
				PRODUCT_NAME = "$(TARGET_NAME)";
				SWIFT_VERSION = 4.0;
				TARGETED_DEVICE_FAMILY = "1,2";
				TEST_HOST = "$(BUILT_PRODUCTS_DIR)/HomeBase.app/HomeBase";
			};
			name = Release;
		};
/* End XCBuildConfiguration section */

/* Begin XCConfigurationList section */
		72881E721FFA8579009D23C2 /* Build configuration list for PBXProject "HomeBase" */ = {
			isa = XCConfigurationList;
			buildConfigurations = (
				72881E921FFA8579009D23C2 /* Debug */,
				72881E931FFA8579009D23C2 /* Release */,
			);
			defaultConfigurationIsVisible = 0;
			defaultConfigurationName = Release;
		};
		72881E941FFA8579009D23C2 /* Build configuration list for PBXNativeTarget "HomeBase" */ = {
			isa = XCConfigurationList;
			buildConfigurations = (
				72881E951FFA8579009D23C2 /* Debug */,
				72881E961FFA8579009D23C2 /* Release */,
			);
			defaultConfigurationIsVisible = 0;
			defaultConfigurationName = Release;
		};
		72881E971FFA8579009D23C2 /* Build configuration list for PBXNativeTarget "HomeBaseTests" */ = {
			isa = XCConfigurationList;
			buildConfigurations = (
				72881E981FFA8579009D23C2 /* Debug */,
				72881E991FFA8579009D23C2 /* Release */,
			);
			defaultConfigurationIsVisible = 0;
			defaultConfigurationName = Release;
		};
/* End XCConfigurationList section */
	};
	rootObject = 72881E6F1FFA8579009D23C2 /* Project object */;
}
