// !$*UTF8*$!
{
	archiveVersion = 1;
	classes = {
	};
	objectVersion = 48;
	objects = {

/* Begin PBXBuildFile section */
		357810D13BFC4CBDA544F959 /* Pods_HomeBase.framework in Frameworks */ = {isa = PBXBuildFile; fileRef = 5DBCC19726630941F5990CD6 /* Pods_HomeBase.framework */; };
		720DFFDF204BFEDD0098C473 /* ScheduleDetailTableViewController.swift in Sources */ = {isa = PBXBuildFile; fileRef = 720DFFDE204BFEDD0098C473 /* ScheduleDetailTableViewController.swift */; };
		720DFFE3204C2C980098C473 /* ScheduleDetailRecordPlayerHeaderView.swift in Sources */ = {isa = PBXBuildFile; fileRef = 720DFFE2204C2C980098C473 /* ScheduleDetailRecordPlayerHeaderView.swift */; };
		720DFFE5204C64FF0098C473 /* ScheduleDetailRecordPlayerTableViewCell.swift in Sources */ = {isa = PBXBuildFile; fileRef = 720DFFE4204C64FF0098C473 /* ScheduleDetailRecordPlayerTableViewCell.swift */; };
		720DFFE7204C6EA10098C473 /* ScheduleDetailRecordPlayerViewController.swift in Sources */ = {isa = PBXBuildFile; fileRef = 720DFFE6204C6EA10098C473 /* ScheduleDetailRecordPlayerViewController.swift */; };
		720E98AC20B728A900C45CEE /* PersonalPitcherView.swift in Sources */ = {isa = PBXBuildFile; fileRef = 720E98AB20B728A900C45CEE /* PersonalPitcherView.swift */; };
		720E98AE20B72B9400C45CEE /* PersonalRecordView.swift in Sources */ = {isa = PBXBuildFile; fileRef = 720E98AD20B72B9400C45CEE /* PersonalRecordView.swift */; };
		720E98B020B8230500C45CEE /* PersonalSettingViewController.swift in Sources */ = {isa = PBXBuildFile; fileRef = 720E98AF20B8230500C45CEE /* PersonalSettingViewController.swift */; };
		7213179420C2892E00A512C1 /* TeamInfoView.swift in Sources */ = {isa = PBXBuildFile; fileRef = 7213179320C2892E00A512C1 /* TeamInfoView.swift */; };
		7213179620C2969000A512C1 /* TeamDataView.swift in Sources */ = {isa = PBXBuildFile; fileRef = 7213179520C2969000A512C1 /* TeamDataView.swift */; };
		7213179820C3F97800A512C1 /* TeamPlayerListCell.swift in Sources */ = {isa = PBXBuildFile; fileRef = 7213179720C3F97800A512C1 /* TeamPlayerListCell.swift */; };
		7213179A20C52F4700A512C1 /* TeamSettingTeamDataViewController.swift in Sources */ = {isa = PBXBuildFile; fileRef = 7213179920C52F4700A512C1 /* TeamSettingTeamDataViewController.swift */; };
		72134FC2203D9300007B7FCB /* MainTableViewController.swift in Sources */ = {isa = PBXBuildFile; fileRef = 72134FC1203D9300007B7FCB /* MainTableViewController.swift */; };
		7213D76D2020DC3F00FB028C /* RegisterTeamCompleteViewController.swift in Sources */ = {isa = PBXBuildFile; fileRef = 7213D76C2020DC3F00FB028C /* RegisterTeamCompleteViewController.swift */; };
		7213D7712021BBE000FB028C /* Models.swift in Sources */ = {isa = PBXBuildFile; fileRef = 7213D7702021BBE000FB028C /* Models.swift */; };
		7213D7732021C74A00FB028C /* RegisterUserNavigation.swift in Sources */ = {isa = PBXBuildFile; fileRef = 7213D7722021C74A00FB028C /* RegisterUserNavigation.swift */; };
		721A619D20189EFD000A5646 /* SignUpCompleteViewController.swift in Sources */ = {isa = PBXBuildFile; fileRef = 721A619C20189EFD000A5646 /* SignUpCompleteViewController.swift */; };
		7220479F2034B7B40088BEE4 /* MainTopSectionCell.swift in Sources */ = {isa = PBXBuildFile; fileRef = 7220479E2034B7B40088BEE4 /* MainTopSectionCell.swift */; };
		72209AF320F0DE1E008AA116 /* PersonalSettingErrorViewController.swift in Sources */ = {isa = PBXBuildFile; fileRef = 72209AF220F0DE1E008AA116 /* PersonalSettingErrorViewController.swift */; };
		7221D7BF2072A23900533E6B /* ScheduleMonthlySectionHeaderCell.swift in Sources */ = {isa = PBXBuildFile; fileRef = 7221D7BE2072A23900533E6B /* ScheduleMonthlySectionHeaderCell.swift */; };
		7231C9272018F3AD004FE531 /* CloudFunction.swift in Sources */ = {isa = PBXBuildFile; fileRef = 7231C9262018F3AD004FE531 /* CloudFunction.swift */; };
		7231C929201905F7004FE531 /* FindEmailViewController.swift in Sources */ = {isa = PBXBuildFile; fileRef = 7231C928201905F7004FE531 /* FindEmailViewController.swift */; };
		72378A7020081BC0007ED442 /* CustomMethods.swift in Sources */ = {isa = PBXBuildFile; fileRef = 72378A6F20081BC0007ED442 /* CustomMethods.swift */; };
		7244A943206924150032F8B8 /* ScheduleDetailRecordMatchViewController.swift in Sources */ = {isa = PBXBuildFile; fileRef = 7244A942206924150032F8B8 /* ScheduleDetailRecordMatchViewController.swift */; };
		725B85001FFE326B0024588D /* SignUpViewController.swift in Sources */ = {isa = PBXBuildFile; fileRef = 725B84FF1FFE326B0024588D /* SignUpViewController.swift */; };
		725B8508200180D90024588D /* RegisterPlayerInfoViewController.swift in Sources */ = {isa = PBXBuildFile; fileRef = 725B8507200180D90024588D /* RegisterPlayerInfoViewController.swift */; };
		725B850A200181350024588D /* RegisterUserInfoViewController.swift in Sources */ = {isa = PBXBuildFile; fileRef = 725B8509200181350024588D /* RegisterUserInfoViewController.swift */; };
		72637663203E875000388939 /* MainTopSectionHeaderCell.swift in Sources */ = {isa = PBXBuildFile; fileRef = 72637662203E875000388939 /* MainTopSectionHeaderCell.swift */; };
		72637665203FF4AC00388939 /* ScheduleTableViewController.swift in Sources */ = {isa = PBXBuildFile; fileRef = 72637664203FF4AC00388939 /* ScheduleTableViewController.swift */; };
		7263766E203FF5ED00388939 /* Schedule.storyboard in Resources */ = {isa = PBXBuildFile; fileRef = 7263766C203FF5ED00388939 /* Schedule.storyboard */; };
		72637671203FFC7E00388939 /* ScheduleRecentView.swift in Sources */ = {isa = PBXBuildFile; fileRef = 72637670203FFC7E00388939 /* ScheduleRecentView.swift */; };
		726376732040090300388939 /* ScheduleRecordView.swift in Sources */ = {isa = PBXBuildFile; fileRef = 726376722040090300388939 /* ScheduleRecordView.swift */; };
		726376752043F41B00388939 /* ScheduleMonthlySectionHeaderView.swift in Sources */ = {isa = PBXBuildFile; fileRef = 726376742043F41B00388939 /* ScheduleMonthlySectionHeaderView.swift */; };
		726376772044222400388939 /* ScheduleMonthlySectionCell.swift in Sources */ = {isa = PBXBuildFile; fileRef = 726376762044222400388939 /* ScheduleMonthlySectionCell.swift */; };
		726376792045248000388939 /* ScheduleCreateViewController.swift in Sources */ = {isa = PBXBuildFile; fileRef = 726376782045248000388939 /* ScheduleCreateViewController.swift */; };
		7263767D204551EE00388939 /* ScheduleNavigation.swift in Sources */ = {isa = PBXBuildFile; fileRef = 7263767C204551EE00388939 /* ScheduleNavigation.swift */; };
		7263767F2045CE3F00388939 /* MainViewController.swift in Sources */ = {isa = PBXBuildFile; fileRef = 7263767E2045CE3F00388939 /* MainViewController.swift */; };
		7266D5CB20ECBFCA00687C11 /* PersonalSettingUserView.swift in Sources */ = {isa = PBXBuildFile; fileRef = 7266D5CA20ECBFCA00687C11 /* PersonalSettingUserView.swift */; };
		7266D5CD20ECBFD700687C11 /* PersonalSettingPlayerView.swift in Sources */ = {isa = PBXBuildFile; fileRef = 7266D5CC20ECBFD700687C11 /* PersonalSettingPlayerView.swift */; };
		7277BF9F209B862600AA8256 /* ScheduleMonthlySectionBlankCell.swift in Sources */ = {isa = PBXBuildFile; fileRef = 7277BF9E209B862600AA8256 /* ScheduleMonthlySectionBlankCell.swift */; };
		7282D75A20E2A95B00716CB9 /* TeamSettingMemberTableViewController.swift in Sources */ = {isa = PBXBuildFile; fileRef = 7282D75920E2A95B00716CB9 /* TeamSettingMemberTableViewController.swift */; };
		7282D75C20E2B0CB00716CB9 /* TeamSettingMemberCell.swift in Sources */ = {isa = PBXBuildFile; fileRef = 7282D75B20E2B0CB00716CB9 /* TeamSettingMemberCell.swift */; };
		7282D75E20E2C35400716CB9 /* TeamSettingMoreViewController.swift in Sources */ = {isa = PBXBuildFile; fileRef = 7282D75D20E2C35400716CB9 /* TeamSettingMoreViewController.swift */; };
		7282D76020E3A32000716CB9 /* TeamSettingCheckViewController.swift in Sources */ = {isa = PBXBuildFile; fileRef = 7282D75F20E3A32000716CB9 /* TeamSettingCheckViewController.swift */; };
		72881E7B1FFA8579009D23C2 /* AppDelegate.swift in Sources */ = {isa = PBXBuildFile; fileRef = 72881E7A1FFA8579009D23C2 /* AppDelegate.swift */; };
		72881E821FFA8579009D23C2 /* Assets.xcassets in Resources */ = {isa = PBXBuildFile; fileRef = 72881E811FFA8579009D23C2 /* Assets.xcassets */; };
		72881E851FFA8579009D23C2 /* LaunchScreen.storyboard in Resources */ = {isa = PBXBuildFile; fileRef = 72881E831FFA8579009D23C2 /* LaunchScreen.storyboard */; };
		72881E901FFA8579009D23C2 /* HomeBaseTests.swift in Sources */ = {isa = PBXBuildFile; fileRef = 72881E8F1FFA8579009D23C2 /* HomeBaseTests.swift */; };
		72881E9B1FFB2E0F009D23C2 /* GoogleService-Info.plist in Resources */ = {isa = PBXBuildFile; fileRef = 72881E9A1FFB2E0F009D23C2 /* GoogleService-Info.plist */; };
		72881E9E1FFB3291009D23C2 /* Start.storyboard in Resources */ = {isa = PBXBuildFile; fileRef = 72881E9C1FFB3291009D23C2 /* Start.storyboard */; };
		72881EA31FFB3B98009D23C2 /* Main.storyboard in Resources */ = {isa = PBXBuildFile; fileRef = 72881EA11FFB3B98009D23C2 /* Main.storyboard */; };
		728EE776202FAD95006108F9 /* MainNextScheduleView.swift in Sources */ = {isa = PBXBuildFile; fileRef = 728EE775202FAD95006108F9 /* MainNextScheduleView.swift */; };
		728EE77A203369F2006108F9 /* MainBlankView.swift in Sources */ = {isa = PBXBuildFile; fileRef = 728EE779203369F2006108F9 /* MainBlankView.swift */; };
		7297626E201EF91000A2CE4A /* FindPasswordViewController.swift in Sources */ = {isa = PBXBuildFile; fileRef = 7297626D201EF91000A2CE4A /* FindPasswordViewController.swift */; };
		72976272201EFB8A00A2CE4A /* ForgotErrorViewController.swift in Sources */ = {isa = PBXBuildFile; fileRef = 72976271201EFB8A00A2CE4A /* ForgotErrorViewController.swift */; };
		729AC644201F2ED800F5FED2 /* SignInErrorViewController.swift in Sources */ = {isa = PBXBuildFile; fileRef = 729AC643201F2ED800F5FED2 /* SignInErrorViewController.swift */; };
		729AC646201F34DE00F5FED2 /* SignInViewController.swift in Sources */ = {isa = PBXBuildFile; fileRef = 729AC645201F34DE00F5FED2 /* SignInViewController.swift */; };
		72ABA1D2202986DB00635927 /* Team.storyboard in Resources */ = {isa = PBXBuildFile; fileRef = 72ABA1D0202986DB00635927 /* Team.storyboard */; };
		72B6F2EA20299CE300CA0755 /* MainTeamInfoView.swift in Sources */ = {isa = PBXBuildFile; fileRef = 72B6F2E920299CE300CA0755 /* MainTeamInfoView.swift */; };
		72B6F2EF2029D6F200CA0755 /* Personal.storyboard in Resources */ = {isa = PBXBuildFile; fileRef = 72B6F2ED2029D6F200CA0755 /* Personal.storyboard */; };
		72B7A74120B2EDFF00E9AEB9 /* PersonalNavigation.swift in Sources */ = {isa = PBXBuildFile; fileRef = 72B7A74020B2EDFF00E9AEB9 /* PersonalNavigation.swift */; };
		72B7A74320B2EE5100E9AEB9 /* PersonalTableViewController.swift in Sources */ = {isa = PBXBuildFile; fileRef = 72B7A74220B2EE5100E9AEB9 /* PersonalTableViewController.swift */; };
		72B7A74620B2F0D900E9AEB9 /* PersonalHeaderView.swift in Sources */ = {isa = PBXBuildFile; fileRef = 72B7A74520B2F0D900E9AEB9 /* PersonalHeaderView.swift */; };
		72B7A74820B57BB700E9AEB9 /* PersonalRankingView.swift in Sources */ = {isa = PBXBuildFile; fileRef = 72B7A74720B57BB700E9AEB9 /* PersonalRankingView.swift */; };
		72B7A74C20B597A700E9AEB9 /* PersonalRankingGraphView.swift in Sources */ = {isa = PBXBuildFile; fileRef = 72B7A74B20B597A700E9AEB9 /* PersonalRankingGraphView.swift */; };
		72B7A75020B6E1E500E9AEB9 /* PersonalBatterView.swift in Sources */ = {isa = PBXBuildFile; fileRef = 72B7A74F20B6E1E500E9AEB9 /* PersonalBatterView.swift */; };
		72B7A75220B6E2F700E9AEB9 /* RecordView.swift in Sources */ = {isa = PBXBuildFile; fileRef = 72B7A75120B6E2F700E9AEB9 /* RecordView.swift */; };
		72C44F572062D1BD00554FFA /* ScheduleNoDataView.swift in Sources */ = {isa = PBXBuildFile; fileRef = 72C44F562062D1BD00554FFA /* ScheduleNoDataView.swift */; };
		72C54DE020F11A080066AD4F /* TeamSettingCodeViewController.swift in Sources */ = {isa = PBXBuildFile; fileRef = 72C54DDF20F11A070066AD4F /* TeamSettingCodeViewController.swift */; };
		72C54DE220F120590066AD4F /* TeamSettingCodeCompleteViewController.swift in Sources */ = {isa = PBXBuildFile; fileRef = 72C54DE120F120590066AD4F /* TeamSettingCodeCompleteViewController.swift */; };
		72C5755220297E94000432DB /* MainTabBarController.swift in Sources */ = {isa = PBXBuildFile; fileRef = 72C5755120297E94000432DB /* MainTabBarController.swift */; };
		72D1035C2074E6EE007D1610 /* CustomProperties.swift in Sources */ = {isa = PBXBuildFile; fileRef = 72D1035B2074E6EE007D1610 /* CustomProperties.swift */; };
		72D9322020239B21003F3889 /* RegisterTeamJoinErrorViewController.swift in Sources */ = {isa = PBXBuildFile; fileRef = 72D9321F20239B21003F3889 /* RegisterTeamJoinErrorViewController.swift */; };
		72D9322220239B33003F3889 /* RegisterTeamJoinEnterViewController.swift in Sources */ = {isa = PBXBuildFile; fileRef = 72D9322120239B32003F3889 /* RegisterTeamJoinEnterViewController.swift */; };
		72D9322420239CAA003F3889 /* RegisterTeamCompleteCopyViewController.swift in Sources */ = {isa = PBXBuildFile; fileRef = 72D9322320239CAA003F3889 /* RegisterTeamCompleteCopyViewController.swift */; };
		72DAEE9C20C2867E00E9E3E3 /* TeamTableViewController.swift in Sources */ = {isa = PBXBuildFile; fileRef = 72DAEE9B20C2867E00E9E3E3 /* TeamTableViewController.swift */; };
		72DAEE9E20C2868F00E9E3E3 /* TeamNavigation.swift in Sources */ = {isa = PBXBuildFile; fileRef = 72DAEE9D20C2868F00E9E3E3 /* TeamNavigation.swift */; };
		72E15E7E203D6C0B00ECA9A3 /* MainTopRankingView.swift in Sources */ = {isa = PBXBuildFile; fileRef = 72E15E7D203D6C0B00ECA9A3 /* MainTopRankingView.swift */; };
		72E6600420A97BA600371A5E /* ScheduleDetailLoadPlayerViewController.swift in Sources */ = {isa = PBXBuildFile; fileRef = 72E6600320A97BA600371A5E /* ScheduleDetailLoadPlayerViewController.swift */; };
		72E6600620A98CB100371A5E /* ScheduleDetailLoadBatterView.swift in Sources */ = {isa = PBXBuildFile; fileRef = 72E6600520A98CB100371A5E /* ScheduleDetailLoadBatterView.swift */; };
		72E6600820A98CBE00371A5E /* ScheduleDetailLoadPitcherView.swift in Sources */ = {isa = PBXBuildFile; fileRef = 72E6600720A98CBE00371A5E /* ScheduleDetailLoadPitcherView.swift */; };
		72E916C5209F7D950018A033 /* ScheduleDeleteViewController.swift in Sources */ = {isa = PBXBuildFile; fileRef = 72E916C4209F7D950018A033 /* ScheduleDeleteViewController.swift */; };
		72E96C96200600E000B68F29 /* RegisterTeamCreateViewController.swift in Sources */ = {isa = PBXBuildFile; fileRef = 72E96C95200600E000B68F29 /* RegisterTeamCreateViewController.swift */; };
		72E96C982006026200B68F29 /* RegisterTeamChoiceViewController.swift in Sources */ = {isa = PBXBuildFile; fileRef = 72E96C972006026200B68F29 /* RegisterTeamChoiceViewController.swift */; };
		72E96C9A200603A000B68F29 /* RegisterTeamJoinViewController.swift in Sources */ = {isa = PBXBuildFile; fileRef = 72E96C99200603A000B68F29 /* RegisterTeamJoinViewController.swift */; };
		72E96C9C200607D000B68F29 /* RegisterTeamNavigation.swift in Sources */ = {isa = PBXBuildFile; fileRef = 72E96C9B200607D000B68F29 /* RegisterTeamNavigation.swift */; };
		72F07BFF200C6B9B004C83F6 /* ForgotSelectViewController.swift in Sources */ = {isa = PBXBuildFile; fileRef = 72F07BFE200C6B9B004C83F6 /* ForgotSelectViewController.swift */; };
		72F07C01200C6BB0004C83F6 /* ForgotEmailViewController.swift in Sources */ = {isa = PBXBuildFile; fileRef = 72F07C00200C6BB0004C83F6 /* ForgotEmailViewController.swift */; };
		72F07C03200C6BBD004C83F6 /* ForgotPasswordViewController.swift in Sources */ = {isa = PBXBuildFile; fileRef = 72F07C02200C6BBD004C83F6 /* ForgotPasswordViewController.swift */; };
		72F07C0B200C77FC004C83F6 /* ForgotSelectNavigation.swift in Sources */ = {isa = PBXBuildFile; fileRef = 72F07C0A200C77FC004C83F6 /* ForgotSelectNavigation.swift */; };
		72F5ECF42046E44B00C7B594 /* ScheduleDetailInfoView.swift in Sources */ = {isa = PBXBuildFile; fileRef = 72F5ECF32046E44B00C7B594 /* ScheduleDetailInfoView.swift */; };
		72F5ECF720473AE400C7B594 /* ScheduleDetailPlayerCell.swift in Sources */ = {isa = PBXBuildFile; fileRef = 72F5ECF620473AE400C7B594 /* ScheduleDetailPlayerCell.swift */; };
		CADF9380625219F89F8972A3 /* Pods_HomeBaseTests.framework in Frameworks */ = {isa = PBXBuildFile; fileRef = 365E131BF0132C671D3B24D8 /* Pods_HomeBaseTests.framework */; };
/* End PBXBuildFile section */

/* Begin PBXContainerItemProxy section */
		72881E8C1FFA8579009D23C2 /* PBXContainerItemProxy */ = {
			isa = PBXContainerItemProxy;
			containerPortal = 72881E6F1FFA8579009D23C2 /* Project object */;
			proxyType = 1;
			remoteGlobalIDString = 72881E761FFA8579009D23C2;
			remoteInfo = HomeBase;
		};
/* End PBXContainerItemProxy section */

/* Begin PBXFileReference section */
		273D17BEBADC7FEBF4893D36 /* Pods-HomeBase.release.xcconfig */ = {isa = PBXFileReference; includeInIndex = 1; lastKnownFileType = text.xcconfig; name = "Pods-HomeBase.release.xcconfig"; path = "Pods/Target Support Files/Pods-HomeBase/Pods-HomeBase.release.xcconfig"; sourceTree = "<group>"; };
		365E131BF0132C671D3B24D8 /* Pods_HomeBaseTests.framework */ = {isa = PBXFileReference; explicitFileType = wrapper.framework; includeInIndex = 0; path = Pods_HomeBaseTests.framework; sourceTree = BUILT_PRODUCTS_DIR; };
		5DBCC19726630941F5990CD6 /* Pods_HomeBase.framework */ = {isa = PBXFileReference; explicitFileType = wrapper.framework; includeInIndex = 0; path = Pods_HomeBase.framework; sourceTree = BUILT_PRODUCTS_DIR; };
		720DFFDE204BFEDD0098C473 /* ScheduleDetailTableViewController.swift */ = {isa = PBXFileReference; lastKnownFileType = sourcecode.swift; path = ScheduleDetailTableViewController.swift; sourceTree = "<group>"; };
		720DFFE2204C2C980098C473 /* ScheduleDetailRecordPlayerHeaderView.swift */ = {isa = PBXFileReference; lastKnownFileType = sourcecode.swift; path = ScheduleDetailRecordPlayerHeaderView.swift; sourceTree = "<group>"; };
		720DFFE4204C64FF0098C473 /* ScheduleDetailRecordPlayerTableViewCell.swift */ = {isa = PBXFileReference; lastKnownFileType = sourcecode.swift; path = ScheduleDetailRecordPlayerTableViewCell.swift; sourceTree = "<group>"; };
		720DFFE6204C6EA10098C473 /* ScheduleDetailRecordPlayerViewController.swift */ = {isa = PBXFileReference; lastKnownFileType = sourcecode.swift; path = ScheduleDetailRecordPlayerViewController.swift; sourceTree = "<group>"; };
		720E98AB20B728A900C45CEE /* PersonalPitcherView.swift */ = {isa = PBXFileReference; lastKnownFileType = sourcecode.swift; path = PersonalPitcherView.swift; sourceTree = "<group>"; };
		720E98AD20B72B9400C45CEE /* PersonalRecordView.swift */ = {isa = PBXFileReference; lastKnownFileType = sourcecode.swift; path = PersonalRecordView.swift; sourceTree = "<group>"; };
		720E98AF20B8230500C45CEE /* PersonalSettingViewController.swift */ = {isa = PBXFileReference; lastKnownFileType = sourcecode.swift; path = PersonalSettingViewController.swift; sourceTree = "<group>"; };
		7213179320C2892E00A512C1 /* TeamInfoView.swift */ = {isa = PBXFileReference; lastKnownFileType = sourcecode.swift; path = TeamInfoView.swift; sourceTree = "<group>"; };
		7213179520C2969000A512C1 /* TeamDataView.swift */ = {isa = PBXFileReference; lastKnownFileType = sourcecode.swift; path = TeamDataView.swift; sourceTree = "<group>"; };
		7213179720C3F97800A512C1 /* TeamPlayerListCell.swift */ = {isa = PBXFileReference; lastKnownFileType = sourcecode.swift; path = TeamPlayerListCell.swift; sourceTree = "<group>"; };
		7213179920C52F4700A512C1 /* TeamSettingTeamDataViewController.swift */ = {isa = PBXFileReference; lastKnownFileType = sourcecode.swift; path = TeamSettingTeamDataViewController.swift; sourceTree = "<group>"; };
		72134FC1203D9300007B7FCB /* MainTableViewController.swift */ = {isa = PBXFileReference; fileEncoding = 4; lastKnownFileType = sourcecode.swift; path = MainTableViewController.swift; sourceTree = "<group>"; };
		7213D76C2020DC3F00FB028C /* RegisterTeamCompleteViewController.swift */ = {isa = PBXFileReference; lastKnownFileType = sourcecode.swift; path = RegisterTeamCompleteViewController.swift; sourceTree = "<group>"; };
		7213D7702021BBE000FB028C /* Models.swift */ = {isa = PBXFileReference; lastKnownFileType = sourcecode.swift; path = Models.swift; sourceTree = "<group>"; };
		7213D7722021C74A00FB028C /* RegisterUserNavigation.swift */ = {isa = PBXFileReference; lastKnownFileType = sourcecode.swift; path = RegisterUserNavigation.swift; sourceTree = "<group>"; };
		721A619C20189EFD000A5646 /* SignUpCompleteViewController.swift */ = {isa = PBXFileReference; lastKnownFileType = sourcecode.swift; path = SignUpCompleteViewController.swift; sourceTree = "<group>"; };
		7220479E2034B7B40088BEE4 /* MainTopSectionCell.swift */ = {isa = PBXFileReference; lastKnownFileType = sourcecode.swift; path = MainTopSectionCell.swift; sourceTree = "<group>"; };
		72209AF220F0DE1E008AA116 /* PersonalSettingErrorViewController.swift */ = {isa = PBXFileReference; lastKnownFileType = sourcecode.swift; path = PersonalSettingErrorViewController.swift; sourceTree = "<group>"; };
		7221D7BE2072A23900533E6B /* ScheduleMonthlySectionHeaderCell.swift */ = {isa = PBXFileReference; lastKnownFileType = sourcecode.swift; path = ScheduleMonthlySectionHeaderCell.swift; sourceTree = "<group>"; };
		7231C9262018F3AD004FE531 /* CloudFunction.swift */ = {isa = PBXFileReference; lastKnownFileType = sourcecode.swift; path = CloudFunction.swift; sourceTree = "<group>"; };
		7231C928201905F7004FE531 /* FindEmailViewController.swift */ = {isa = PBXFileReference; lastKnownFileType = sourcecode.swift; path = FindEmailViewController.swift; sourceTree = "<group>"; };
		72378A6F20081BC0007ED442 /* CustomMethods.swift */ = {isa = PBXFileReference; lastKnownFileType = sourcecode.swift; path = CustomMethods.swift; sourceTree = "<group>"; };
		7244A942206924150032F8B8 /* ScheduleDetailRecordMatchViewController.swift */ = {isa = PBXFileReference; lastKnownFileType = sourcecode.swift; path = ScheduleDetailRecordMatchViewController.swift; sourceTree = "<group>"; };
		725B84FF1FFE326B0024588D /* SignUpViewController.swift */ = {isa = PBXFileReference; lastKnownFileType = sourcecode.swift; path = SignUpViewController.swift; sourceTree = "<group>"; };
		725B8507200180D90024588D /* RegisterPlayerInfoViewController.swift */ = {isa = PBXFileReference; lastKnownFileType = sourcecode.swift; path = RegisterPlayerInfoViewController.swift; sourceTree = "<group>"; };
		725B8509200181350024588D /* RegisterUserInfoViewController.swift */ = {isa = PBXFileReference; lastKnownFileType = sourcecode.swift; path = RegisterUserInfoViewController.swift; sourceTree = "<group>"; };
		726101131FFD1B2D003068A4 /* HomeBase.entitlements */ = {isa = PBXFileReference; lastKnownFileType = text.plist.entitlements; path = HomeBase.entitlements; sourceTree = "<group>"; };
		72637662203E875000388939 /* MainTopSectionHeaderCell.swift */ = {isa = PBXFileReference; lastKnownFileType = sourcecode.swift; path = MainTopSectionHeaderCell.swift; sourceTree = "<group>"; };
		72637664203FF4AC00388939 /* ScheduleTableViewController.swift */ = {isa = PBXFileReference; lastKnownFileType = sourcecode.swift; path = ScheduleTableViewController.swift; sourceTree = "<group>"; };
		7263766D203FF5ED00388939 /* Base */ = {isa = PBXFileReference; lastKnownFileType = file.storyboard; name = Base; path = Base.lproj/Schedule.storyboard; sourceTree = "<group>"; };
		72637670203FFC7E00388939 /* ScheduleRecentView.swift */ = {isa = PBXFileReference; lastKnownFileType = sourcecode.swift; path = ScheduleRecentView.swift; sourceTree = "<group>"; };
		726376722040090300388939 /* ScheduleRecordView.swift */ = {isa = PBXFileReference; lastKnownFileType = sourcecode.swift; path = ScheduleRecordView.swift; sourceTree = "<group>"; };
		726376742043F41B00388939 /* ScheduleMonthlySectionHeaderView.swift */ = {isa = PBXFileReference; lastKnownFileType = sourcecode.swift; path = ScheduleMonthlySectionHeaderView.swift; sourceTree = "<group>"; };
		726376762044222400388939 /* ScheduleMonthlySectionCell.swift */ = {isa = PBXFileReference; lastKnownFileType = sourcecode.swift; path = ScheduleMonthlySectionCell.swift; sourceTree = "<group>"; };
		726376782045248000388939 /* ScheduleCreateViewController.swift */ = {isa = PBXFileReference; lastKnownFileType = sourcecode.swift; path = ScheduleCreateViewController.swift; sourceTree = "<group>"; };
		7263767C204551EE00388939 /* ScheduleNavigation.swift */ = {isa = PBXFileReference; lastKnownFileType = sourcecode.swift; path = ScheduleNavigation.swift; sourceTree = "<group>"; };
		7263767E2045CE3F00388939 /* MainViewController.swift */ = {isa = PBXFileReference; lastKnownFileType = sourcecode.swift; path = MainViewController.swift; sourceTree = "<group>"; };
		7266D5CA20ECBFCA00687C11 /* PersonalSettingUserView.swift */ = {isa = PBXFileReference; lastKnownFileType = sourcecode.swift; path = PersonalSettingUserView.swift; sourceTree = "<group>"; };
		7266D5CC20ECBFD700687C11 /* PersonalSettingPlayerView.swift */ = {isa = PBXFileReference; lastKnownFileType = sourcecode.swift; path = PersonalSettingPlayerView.swift; sourceTree = "<group>"; };
		7277BF9E209B862600AA8256 /* ScheduleMonthlySectionBlankCell.swift */ = {isa = PBXFileReference; lastKnownFileType = sourcecode.swift; path = ScheduleMonthlySectionBlankCell.swift; sourceTree = "<group>"; };
		7282D75920E2A95B00716CB9 /* TeamSettingMemberTableViewController.swift */ = {isa = PBXFileReference; lastKnownFileType = sourcecode.swift; path = TeamSettingMemberTableViewController.swift; sourceTree = "<group>"; };
		7282D75B20E2B0CB00716CB9 /* TeamSettingMemberCell.swift */ = {isa = PBXFileReference; lastKnownFileType = sourcecode.swift; path = TeamSettingMemberCell.swift; sourceTree = "<group>"; };
		7282D75D20E2C35400716CB9 /* TeamSettingMoreViewController.swift */ = {isa = PBXFileReference; lastKnownFileType = sourcecode.swift; path = TeamSettingMoreViewController.swift; sourceTree = "<group>"; };
		7282D75F20E3A32000716CB9 /* TeamSettingCheckViewController.swift */ = {isa = PBXFileReference; lastKnownFileType = sourcecode.swift; path = TeamSettingCheckViewController.swift; sourceTree = "<group>"; };
		72881E771FFA8579009D23C2 /* HomeBase.app */ = {isa = PBXFileReference; explicitFileType = wrapper.application; includeInIndex = 0; path = HomeBase.app; sourceTree = BUILT_PRODUCTS_DIR; };
		72881E7A1FFA8579009D23C2 /* AppDelegate.swift */ = {isa = PBXFileReference; lastKnownFileType = sourcecode.swift; path = AppDelegate.swift; sourceTree = "<group>"; };
		72881E811FFA8579009D23C2 /* Assets.xcassets */ = {isa = PBXFileReference; lastKnownFileType = folder.assetcatalog; path = Assets.xcassets; sourceTree = "<group>"; };
		72881E841FFA8579009D23C2 /* Base */ = {isa = PBXFileReference; lastKnownFileType = file.storyboard; name = Base; path = Base.lproj/LaunchScreen.storyboard; sourceTree = "<group>"; };
		72881E861FFA8579009D23C2 /* Info.plist */ = {isa = PBXFileReference; lastKnownFileType = text.plist.xml; path = Info.plist; sourceTree = "<group>"; };
		72881E8B1FFA8579009D23C2 /* HomeBaseTests.xctest */ = {isa = PBXFileReference; explicitFileType = wrapper.cfbundle; includeInIndex = 0; path = HomeBaseTests.xctest; sourceTree = BUILT_PRODUCTS_DIR; };
		72881E8F1FFA8579009D23C2 /* HomeBaseTests.swift */ = {isa = PBXFileReference; lastKnownFileType = sourcecode.swift; path = HomeBaseTests.swift; sourceTree = "<group>"; };
		72881E911FFA8579009D23C2 /* Info.plist */ = {isa = PBXFileReference; lastKnownFileType = text.plist.xml; path = Info.plist; sourceTree = "<group>"; };
		72881E9A1FFB2E0F009D23C2 /* GoogleService-Info.plist */ = {isa = PBXFileReference; fileEncoding = 4; lastKnownFileType = text.plist.xml; path = "GoogleService-Info.plist"; sourceTree = "<group>"; };
		72881E9D1FFB3291009D23C2 /* Base */ = {isa = PBXFileReference; lastKnownFileType = file.storyboard; name = Base; path = Base.lproj/Start.storyboard; sourceTree = "<group>"; };
		72881EA21FFB3B98009D23C2 /* Base */ = {isa = PBXFileReference; lastKnownFileType = file.storyboard; name = Base; path = Base.lproj/Main.storyboard; sourceTree = "<group>"; };
		728EE775202FAD95006108F9 /* MainNextScheduleView.swift */ = {isa = PBXFileReference; lastKnownFileType = sourcecode.swift; path = MainNextScheduleView.swift; sourceTree = "<group>"; };
		728EE779203369F2006108F9 /* MainBlankView.swift */ = {isa = PBXFileReference; lastKnownFileType = sourcecode.swift; path = MainBlankView.swift; sourceTree = "<group>"; };
		7297626D201EF91000A2CE4A /* FindPasswordViewController.swift */ = {isa = PBXFileReference; lastKnownFileType = sourcecode.swift; path = FindPasswordViewController.swift; sourceTree = "<group>"; };
		72976271201EFB8A00A2CE4A /* ForgotErrorViewController.swift */ = {isa = PBXFileReference; lastKnownFileType = sourcecode.swift; path = ForgotErrorViewController.swift; sourceTree = "<group>"; };
		729AC643201F2ED800F5FED2 /* SignInErrorViewController.swift */ = {isa = PBXFileReference; lastKnownFileType = sourcecode.swift; path = SignInErrorViewController.swift; sourceTree = "<group>"; };
		729AC645201F34DE00F5FED2 /* SignInViewController.swift */ = {isa = PBXFileReference; lastKnownFileType = sourcecode.swift; path = SignInViewController.swift; sourceTree = "<group>"; };
		72ABA1D1202986DB00635927 /* Base */ = {isa = PBXFileReference; lastKnownFileType = file.storyboard; name = Base; path = Base.lproj/Team.storyboard; sourceTree = "<group>"; };
		72B6F2E920299CE300CA0755 /* MainTeamInfoView.swift */ = {isa = PBXFileReference; lastKnownFileType = sourcecode.swift; path = MainTeamInfoView.swift; sourceTree = "<group>"; };
		72B6F2EE2029D6F200CA0755 /* Base */ = {isa = PBXFileReference; lastKnownFileType = file.storyboard; name = Base; path = Base.lproj/Personal.storyboard; sourceTree = "<group>"; };
		72B7A74020B2EDFF00E9AEB9 /* PersonalNavigation.swift */ = {isa = PBXFileReference; lastKnownFileType = sourcecode.swift; path = PersonalNavigation.swift; sourceTree = "<group>"; };
		72B7A74220B2EE5100E9AEB9 /* PersonalTableViewController.swift */ = {isa = PBXFileReference; lastKnownFileType = sourcecode.swift; path = PersonalTableViewController.swift; sourceTree = "<group>"; };
		72B7A74520B2F0D900E9AEB9 /* PersonalHeaderView.swift */ = {isa = PBXFileReference; lastKnownFileType = sourcecode.swift; path = PersonalHeaderView.swift; sourceTree = "<group>"; };
		72B7A74720B57BB700E9AEB9 /* PersonalRankingView.swift */ = {isa = PBXFileReference; lastKnownFileType = sourcecode.swift; path = PersonalRankingView.swift; sourceTree = "<group>"; };
		72B7A74B20B597A700E9AEB9 /* PersonalRankingGraphView.swift */ = {isa = PBXFileReference; lastKnownFileType = sourcecode.swift; path = PersonalRankingGraphView.swift; sourceTree = "<group>"; };
		72B7A74F20B6E1E500E9AEB9 /* PersonalBatterView.swift */ = {isa = PBXFileReference; lastKnownFileType = sourcecode.swift; path = PersonalBatterView.swift; sourceTree = "<group>"; };
		72B7A75120B6E2F700E9AEB9 /* RecordView.swift */ = {isa = PBXFileReference; lastKnownFileType = sourcecode.swift; path = RecordView.swift; sourceTree = "<group>"; };
		72C44F562062D1BD00554FFA /* ScheduleNoDataView.swift */ = {isa = PBXFileReference; lastKnownFileType = sourcecode.swift; path = ScheduleNoDataView.swift; sourceTree = "<group>"; };
		72C54DDF20F11A070066AD4F /* TeamSettingCodeViewController.swift */ = {isa = PBXFileReference; lastKnownFileType = sourcecode.swift; path = TeamSettingCodeViewController.swift; sourceTree = "<group>"; };
		72C54DE120F120590066AD4F /* TeamSettingCodeCompleteViewController.swift */ = {isa = PBXFileReference; lastKnownFileType = sourcecode.swift; path = TeamSettingCodeCompleteViewController.swift; sourceTree = "<group>"; };
		72C5755120297E94000432DB /* MainTabBarController.swift */ = {isa = PBXFileReference; lastKnownFileType = sourcecode.swift; path = MainTabBarController.swift; sourceTree = "<group>"; };
		72D1035B2074E6EE007D1610 /* CustomProperties.swift */ = {isa = PBXFileReference; lastKnownFileType = sourcecode.swift; path = CustomProperties.swift; sourceTree = "<group>"; };
		72D9321F20239B21003F3889 /* RegisterTeamJoinErrorViewController.swift */ = {isa = PBXFileReference; lastKnownFileType = sourcecode.swift; path = RegisterTeamJoinErrorViewController.swift; sourceTree = "<group>"; };
		72D9322120239B32003F3889 /* RegisterTeamJoinEnterViewController.swift */ = {isa = PBXFileReference; lastKnownFileType = sourcecode.swift; path = RegisterTeamJoinEnterViewController.swift; sourceTree = "<group>"; };
		72D9322320239CAA003F3889 /* RegisterTeamCompleteCopyViewController.swift */ = {isa = PBXFileReference; lastKnownFileType = sourcecode.swift; path = RegisterTeamCompleteCopyViewController.swift; sourceTree = "<group>"; };
		72DAEE9B20C2867E00E9E3E3 /* TeamTableViewController.swift */ = {isa = PBXFileReference; lastKnownFileType = sourcecode.swift; path = TeamTableViewController.swift; sourceTree = "<group>"; };
		72DAEE9D20C2868F00E9E3E3 /* TeamNavigation.swift */ = {isa = PBXFileReference; lastKnownFileType = sourcecode.swift; path = TeamNavigation.swift; sourceTree = "<group>"; };
		72E15E7D203D6C0B00ECA9A3 /* MainTopRankingView.swift */ = {isa = PBXFileReference; lastKnownFileType = sourcecode.swift; path = MainTopRankingView.swift; sourceTree = "<group>"; };
		72E6600320A97BA600371A5E /* ScheduleDetailLoadPlayerViewController.swift */ = {isa = PBXFileReference; lastKnownFileType = sourcecode.swift; path = ScheduleDetailLoadPlayerViewController.swift; sourceTree = "<group>"; };
		72E6600520A98CB100371A5E /* ScheduleDetailLoadBatterView.swift */ = {isa = PBXFileReference; lastKnownFileType = sourcecode.swift; path = ScheduleDetailLoadBatterView.swift; sourceTree = "<group>"; };
		72E6600720A98CBE00371A5E /* ScheduleDetailLoadPitcherView.swift */ = {isa = PBXFileReference; lastKnownFileType = sourcecode.swift; path = ScheduleDetailLoadPitcherView.swift; sourceTree = "<group>"; };
		72E916C4209F7D950018A033 /* ScheduleDeleteViewController.swift */ = {isa = PBXFileReference; lastKnownFileType = sourcecode.swift; path = ScheduleDeleteViewController.swift; sourceTree = "<group>"; };
		72E96C95200600E000B68F29 /* RegisterTeamCreateViewController.swift */ = {isa = PBXFileReference; lastKnownFileType = sourcecode.swift; path = RegisterTeamCreateViewController.swift; sourceTree = "<group>"; };
		72E96C972006026200B68F29 /* RegisterTeamChoiceViewController.swift */ = {isa = PBXFileReference; lastKnownFileType = sourcecode.swift; path = RegisterTeamChoiceViewController.swift; sourceTree = "<group>"; };
		72E96C99200603A000B68F29 /* RegisterTeamJoinViewController.swift */ = {isa = PBXFileReference; lastKnownFileType = sourcecode.swift; path = RegisterTeamJoinViewController.swift; sourceTree = "<group>"; };
		72E96C9B200607D000B68F29 /* RegisterTeamNavigation.swift */ = {isa = PBXFileReference; lastKnownFileType = sourcecode.swift; path = RegisterTeamNavigation.swift; sourceTree = "<group>"; };
		72F07BFE200C6B9B004C83F6 /* ForgotSelectViewController.swift */ = {isa = PBXFileReference; lastKnownFileType = sourcecode.swift; path = ForgotSelectViewController.swift; sourceTree = "<group>"; };
		72F07C00200C6BB0004C83F6 /* ForgotEmailViewController.swift */ = {isa = PBXFileReference; lastKnownFileType = sourcecode.swift; path = ForgotEmailViewController.swift; sourceTree = "<group>"; };
		72F07C02200C6BBD004C83F6 /* ForgotPasswordViewController.swift */ = {isa = PBXFileReference; lastKnownFileType = sourcecode.swift; path = ForgotPasswordViewController.swift; sourceTree = "<group>"; };
		72F07C0A200C77FC004C83F6 /* ForgotSelectNavigation.swift */ = {isa = PBXFileReference; lastKnownFileType = sourcecode.swift; path = ForgotSelectNavigation.swift; sourceTree = "<group>"; };
		72F5ECF32046E44B00C7B594 /* ScheduleDetailInfoView.swift */ = {isa = PBXFileReference; lastKnownFileType = sourcecode.swift; path = ScheduleDetailInfoView.swift; sourceTree = "<group>"; };
		72F5ECF620473AE400C7B594 /* ScheduleDetailPlayerCell.swift */ = {isa = PBXFileReference; lastKnownFileType = sourcecode.swift; path = ScheduleDetailPlayerCell.swift; sourceTree = "<group>"; };
		85D28CE54F7FB2CB3B7FE2D2 /* Pods-HomeBase.debug.xcconfig */ = {isa = PBXFileReference; includeInIndex = 1; lastKnownFileType = text.xcconfig; name = "Pods-HomeBase.debug.xcconfig"; path = "Pods/Target Support Files/Pods-HomeBase/Pods-HomeBase.debug.xcconfig"; sourceTree = "<group>"; };
		A196C76AF66304FEA028D6BC /* Pods-HomeBaseTests.release.xcconfig */ = {isa = PBXFileReference; includeInIndex = 1; lastKnownFileType = text.xcconfig; name = "Pods-HomeBaseTests.release.xcconfig"; path = "Pods/Target Support Files/Pods-HomeBaseTests/Pods-HomeBaseTests.release.xcconfig"; sourceTree = "<group>"; };
		B1610B1C17C0264F1B7B9E0A /* Pods-HomeBaseTests.debug.xcconfig */ = {isa = PBXFileReference; includeInIndex = 1; lastKnownFileType = text.xcconfig; name = "Pods-HomeBaseTests.debug.xcconfig"; path = "Pods/Target Support Files/Pods-HomeBaseTests/Pods-HomeBaseTests.debug.xcconfig"; sourceTree = "<group>"; };
/* End PBXFileReference section */

/* Begin PBXFrameworksBuildPhase section */
		72881E741FFA8579009D23C2 /* Frameworks */ = {
			isa = PBXFrameworksBuildPhase;
			buildActionMask = 2147483647;
			files = (
				357810D13BFC4CBDA544F959 /* Pods_HomeBase.framework in Frameworks */,
			);
			runOnlyForDeploymentPostprocessing = 0;
		};
		72881E881FFA8579009D23C2 /* Frameworks */ = {
			isa = PBXFrameworksBuildPhase;
			buildActionMask = 2147483647;
			files = (
				CADF9380625219F89F8972A3 /* Pods_HomeBaseTests.framework in Frameworks */,
			);
			runOnlyForDeploymentPostprocessing = 0;
		};
/* End PBXFrameworksBuildPhase section */

/* Begin PBXGroup section */
		720E98AA20B6E3A400C45CEE /* All */ = {
			isa = PBXGroup;
			children = (
				72B7A75120B6E2F700E9AEB9 /* RecordView.swift */,
			);
			name = All;
			sourceTree = "<group>";
		};
		7213179220C286AE00A512C1 /* Team */ = {
			isa = PBXGroup;
			children = (
				72DAEE9D20C2868F00E9E3E3 /* TeamNavigation.swift */,
				72DAEE9B20C2867E00E9E3E3 /* TeamTableViewController.swift */,
				7213179320C2892E00A512C1 /* TeamInfoView.swift */,
				7213179520C2969000A512C1 /* TeamDataView.swift */,
				7213179720C3F97800A512C1 /* TeamPlayerListCell.swift */,
				7282D76120E3A33300716CB9 /* Setting */,
			);
			name = Team;
			sourceTree = "<group>";
		};
		721A619E20189F09000A5646 /* SignUp */ = {
			isa = PBXGroup;
			children = (
				725B84FF1FFE326B0024588D /* SignUpViewController.swift */,
				721A619C20189EFD000A5646 /* SignUpCompleteViewController.swift */,
			);
			name = SignUp;
			sourceTree = "<group>";
		};
		7282D76120E3A33300716CB9 /* Setting */ = {
			isa = PBXGroup;
			children = (
				7213179920C52F4700A512C1 /* TeamSettingTeamDataViewController.swift */,
				72C54DDF20F11A070066AD4F /* TeamSettingCodeViewController.swift */,
				72C54DE120F120590066AD4F /* TeamSettingCodeCompleteViewController.swift */,
				7282D75920E2A95B00716CB9 /* TeamSettingMemberTableViewController.swift */,
				7282D75B20E2B0CB00716CB9 /* TeamSettingMemberCell.swift */,
				7282D75D20E2C35400716CB9 /* TeamSettingMoreViewController.swift */,
				7282D75F20E3A32000716CB9 /* TeamSettingCheckViewController.swift */,
			);
			name = Setting;
			sourceTree = "<group>";
		};
		72881E6E1FFA8579009D23C2 = {
			isa = PBXGroup;
			children = (
				72881E791FFA8579009D23C2 /* HomeBase */,
				72881E8E1FFA8579009D23C2 /* HomeBaseTests */,
				72881E781FFA8579009D23C2 /* Products */,
				FB28203141E29E461EBCD924 /* Pods */,
				F34A4FAEB3520F2A1C92E813 /* Frameworks */,
			);
			sourceTree = "<group>";
		};
		72881E781FFA8579009D23C2 /* Products */ = {
			isa = PBXGroup;
			children = (
				72881E771FFA8579009D23C2 /* HomeBase.app */,
				72881E8B1FFA8579009D23C2 /* HomeBaseTests.xctest */,
			);
			name = Products;
			sourceTree = "<group>";
		};
		72881E791FFA8579009D23C2 /* HomeBase */ = {
			isa = PBXGroup;
			children = (
				726101131FFD1B2D003068A4 /* HomeBase.entitlements */,
				7213D7702021BBE000FB028C /* Models.swift */,
				72D1035B2074E6EE007D1610 /* CustomProperties.swift */,
				72378A6F20081BC0007ED442 /* CustomMethods.swift */,
				7231C9262018F3AD004FE531 /* CloudFunction.swift */,
				72881E7A1FFA8579009D23C2 /* AppDelegate.swift */,
				720E98AA20B6E3A400C45CEE /* All */,
				729AC647201F362300F5FED2 /* SignIn */,
				721A619E20189F09000A5646 /* SignUp */,
				72B6F2E320298A1A00CA0755 /* Forgot */,
				72B6F2E420298A2B00CA0755 /* Register */,
				72C5755320297EA3000432DB /* Main */,
				72B7A74920B57BD300E9AEB9 /* Schedule */,
				7213179220C286AE00A512C1 /* Team */,
				72C54DDD20F1114A0066AD4F /* Personal */,
				72881E9C1FFB3291009D23C2 /* Start.storyboard */,
				72881EA11FFB3B98009D23C2 /* Main.storyboard */,
				7263766C203FF5ED00388939 /* Schedule.storyboard */,
				72ABA1D0202986DB00635927 /* Team.storyboard */,
				72B6F2ED2029D6F200CA0755 /* Personal.storyboard */,
				72881E831FFA8579009D23C2 /* LaunchScreen.storyboard */,
				72881E861FFA8579009D23C2 /* Info.plist */,
				72881E9A1FFB2E0F009D23C2 /* GoogleService-Info.plist */,
				72881E811FFA8579009D23C2 /* Assets.xcassets */,
			);
			path = HomeBase;
			sourceTree = "<group>";
		};
		72881E8E1FFA8579009D23C2 /* HomeBaseTests */ = {
			isa = PBXGroup;
			children = (
				72881E8F1FFA8579009D23C2 /* HomeBaseTests.swift */,
				72881E911FFA8579009D23C2 /* Info.plist */,
			);
			path = HomeBaseTests;
			sourceTree = "<group>";
		};
		729AC647201F362300F5FED2 /* SignIn */ = {
			isa = PBXGroup;
			children = (
				729AC645201F34DE00F5FED2 /* SignInViewController.swift */,
				729AC643201F2ED800F5FED2 /* SignInErrorViewController.swift */,
			);
			name = SignIn;
			sourceTree = "<group>";
		};
		72B6F2E320298A1A00CA0755 /* Forgot */ = {
			isa = PBXGroup;
			children = (
				72F07C0A200C77FC004C83F6 /* ForgotSelectNavigation.swift */,
				72F07BFE200C6B9B004C83F6 /* ForgotSelectViewController.swift */,
				72F07C00200C6BB0004C83F6 /* ForgotEmailViewController.swift */,
				7231C928201905F7004FE531 /* FindEmailViewController.swift */,
				72F07C02200C6BBD004C83F6 /* ForgotPasswordViewController.swift */,
				7297626D201EF91000A2CE4A /* FindPasswordViewController.swift */,
				72976271201EFB8A00A2CE4A /* ForgotErrorViewController.swift */,
			);
			name = Forgot;
			sourceTree = "<group>";
		};
		72B6F2E420298A2B00CA0755 /* Register */ = {
			isa = PBXGroup;
			children = (
				72E96C9B200607D000B68F29 /* RegisterTeamNavigation.swift */,
				72E96C972006026200B68F29 /* RegisterTeamChoiceViewController.swift */,
				72E96C95200600E000B68F29 /* RegisterTeamCreateViewController.swift */,
				7213D76C2020DC3F00FB028C /* RegisterTeamCompleteViewController.swift */,
				72D9322320239CAA003F3889 /* RegisterTeamCompleteCopyViewController.swift */,
				72E96C99200603A000B68F29 /* RegisterTeamJoinViewController.swift */,
				72D9321F20239B21003F3889 /* RegisterTeamJoinErrorViewController.swift */,
				72D9322120239B32003F3889 /* RegisterTeamJoinEnterViewController.swift */,
				7213D7722021C74A00FB028C /* RegisterUserNavigation.swift */,
				725B8509200181350024588D /* RegisterUserInfoViewController.swift */,
				725B8507200180D90024588D /* RegisterPlayerInfoViewController.swift */,
			);
			name = Register;
			sourceTree = "<group>";
		};
		72B7A74920B57BD300E9AEB9 /* Schedule */ = {
			isa = PBXGroup;
			children = (
				7263767C204551EE00388939 /* ScheduleNavigation.swift */,
				72637664203FF4AC00388939 /* ScheduleTableViewController.swift */,
				72637670203FFC7E00388939 /* ScheduleRecentView.swift */,
				726376722040090300388939 /* ScheduleRecordView.swift */,
				72C44F562062D1BD00554FFA /* ScheduleNoDataView.swift */,
				726376742043F41B00388939 /* ScheduleMonthlySectionHeaderView.swift */,
				7221D7BE2072A23900533E6B /* ScheduleMonthlySectionHeaderCell.swift */,
				726376762044222400388939 /* ScheduleMonthlySectionCell.swift */,
				7277BF9E209B862600AA8256 /* ScheduleMonthlySectionBlankCell.swift */,
				726376782045248000388939 /* ScheduleCreateViewController.swift */,
				72E916C4209F7D950018A033 /* ScheduleDeleteViewController.swift */,
				72B7A74A20B57BDF00E9AEB9 /* Detail */,
			);
			name = Schedule;
			sourceTree = "<group>";
		};
		72B7A74A20B57BDF00E9AEB9 /* Detail */ = {
			isa = PBXGroup;
			children = (
				720DFFDE204BFEDD0098C473 /* ScheduleDetailTableViewController.swift */,
				72F5ECF32046E44B00C7B594 /* ScheduleDetailInfoView.swift */,
				72F5ECF620473AE400C7B594 /* ScheduleDetailPlayerCell.swift */,
				7244A942206924150032F8B8 /* ScheduleDetailRecordMatchViewController.swift */,
				720DFFE6204C6EA10098C473 /* ScheduleDetailRecordPlayerViewController.swift */,
				720DFFE2204C2C980098C473 /* ScheduleDetailRecordPlayerHeaderView.swift */,
				720DFFE4204C64FF0098C473 /* ScheduleDetailRecordPlayerTableViewCell.swift */,
				72E6600320A97BA600371A5E /* ScheduleDetailLoadPlayerViewController.swift */,
				72E6600520A98CB100371A5E /* ScheduleDetailLoadBatterView.swift */,
				72E6600720A98CBE00371A5E /* ScheduleDetailLoadPitcherView.swift */,
			);
			name = Detail;
			sourceTree = "<group>";
		};
		72C54DDD20F1114A0066AD4F /* Personal */ = {
			isa = PBXGroup;
			children = (
				72B7A74020B2EDFF00E9AEB9 /* PersonalNavigation.swift */,
				72B7A74220B2EE5100E9AEB9 /* PersonalTableViewController.swift */,
				72B7A74520B2F0D900E9AEB9 /* PersonalHeaderView.swift */,
				72B7A74720B57BB700E9AEB9 /* PersonalRankingView.swift */,
				72B7A74B20B597A700E9AEB9 /* PersonalRankingGraphView.swift */,
				720E98AD20B72B9400C45CEE /* PersonalRecordView.swift */,
				72B7A74F20B6E1E500E9AEB9 /* PersonalBatterView.swift */,
				720E98AB20B728A900C45CEE /* PersonalPitcherView.swift */,
				72C54DDE20F111570066AD4F /* Setting */,
			);
			name = Personal;
			sourceTree = "<group>";
		};
		72C54DDE20F111570066AD4F /* Setting */ = {
			isa = PBXGroup;
			children = (
				720E98AF20B8230500C45CEE /* PersonalSettingViewController.swift */,
				7266D5CA20ECBFCA00687C11 /* PersonalSettingUserView.swift */,
				7266D5CC20ECBFD700687C11 /* PersonalSettingPlayerView.swift */,
				72209AF220F0DE1E008AA116 /* PersonalSettingErrorViewController.swift */,
			);
			name = Setting;
			sourceTree = "<group>";
		};
		72C5755320297EA3000432DB /* Main */ = {
			isa = PBXGroup;
			children = (
				7263767E2045CE3F00388939 /* MainViewController.swift */,
				72C5755120297E94000432DB /* MainTabBarController.swift */,
				72134FC1203D9300007B7FCB /* MainTableViewController.swift */,
				72B6F2E920299CE300CA0755 /* MainTeamInfoView.swift */,
				728EE775202FAD95006108F9 /* MainNextScheduleView.swift */,
				728EE779203369F2006108F9 /* MainBlankView.swift */,
				72637662203E875000388939 /* MainTopSectionHeaderCell.swift */,
				7220479E2034B7B40088BEE4 /* MainTopSectionCell.swift */,
				72E15E7D203D6C0B00ECA9A3 /* MainTopRankingView.swift */,
			);
			name = Main;
			sourceTree = "<group>";
		};
		F34A4FAEB3520F2A1C92E813 /* Frameworks */ = {
			isa = PBXGroup;
			children = (
				5DBCC19726630941F5990CD6 /* Pods_HomeBase.framework */,
				365E131BF0132C671D3B24D8 /* Pods_HomeBaseTests.framework */,
			);
			name = Frameworks;
			sourceTree = "<group>";
		};
		FB28203141E29E461EBCD924 /* Pods */ = {
			isa = PBXGroup;
			children = (
				85D28CE54F7FB2CB3B7FE2D2 /* Pods-HomeBase.debug.xcconfig */,
				273D17BEBADC7FEBF4893D36 /* Pods-HomeBase.release.xcconfig */,
				B1610B1C17C0264F1B7B9E0A /* Pods-HomeBaseTests.debug.xcconfig */,
				A196C76AF66304FEA028D6BC /* Pods-HomeBaseTests.release.xcconfig */,
			);
			name = Pods;
			sourceTree = "<group>";
		};
/* End PBXGroup section */

/* Begin PBXNativeTarget section */
		72881E761FFA8579009D23C2 /* HomeBase */ = {
			isa = PBXNativeTarget;
			buildConfigurationList = 72881E941FFA8579009D23C2 /* Build configuration list for PBXNativeTarget "HomeBase" */;
			buildPhases = (
				C9C615D0C4425B6597D7968F /* [CP] Check Pods Manifest.lock */,
				72881E731FFA8579009D23C2 /* Sources */,
				72881E741FFA8579009D23C2 /* Frameworks */,
				72881E751FFA8579009D23C2 /* Resources */,
				517BF6D3467D030BFD7782D8 /* [CP] Embed Pods Frameworks */,
				3B2370CB4D696E9810501E30 /* [CP] Copy Pods Resources */,
			);
			buildRules = (
			);
			dependencies = (
			);
			name = HomeBase;
			productName = HomeBase;
			productReference = 72881E771FFA8579009D23C2 /* HomeBase.app */;
			productType = "com.apple.product-type.application";
		};
		72881E8A1FFA8579009D23C2 /* HomeBaseTests */ = {
			isa = PBXNativeTarget;
			buildConfigurationList = 72881E971FFA8579009D23C2 /* Build configuration list for PBXNativeTarget "HomeBaseTests" */;
			buildPhases = (
				A102BA777BF4264FF177046C /* [CP] Check Pods Manifest.lock */,
				72881E871FFA8579009D23C2 /* Sources */,
				72881E881FFA8579009D23C2 /* Frameworks */,
				72881E891FFA8579009D23C2 /* Resources */,
				82082EBF1B087E8F86128607 /* [CP] Embed Pods Frameworks */,
				C92F02D14F7E95F3029782DC /* [CP] Copy Pods Resources */,
			);
			buildRules = (
			);
			dependencies = (
				72881E8D1FFA8579009D23C2 /* PBXTargetDependency */,
			);
			name = HomeBaseTests;
			productName = HomeBaseTests;
			productReference = 72881E8B1FFA8579009D23C2 /* HomeBaseTests.xctest */;
			productType = "com.apple.product-type.bundle.unit-test";
		};
/* End PBXNativeTarget section */

/* Begin PBXProject section */
		72881E6F1FFA8579009D23C2 /* Project object */ = {
			isa = PBXProject;
			attributes = {
				LastSwiftUpdateCheck = 0920;
				LastUpgradeCheck = 0920;
				ORGANIZATIONNAME = "JUN LEE";
				TargetAttributes = {
					72881E761FFA8579009D23C2 = {
						CreatedOnToolsVersion = 9.2;
						ProvisioningStyle = Automatic;
						SystemCapabilities = {
							com.apple.Keychain = {
								enabled = 1;
							};
						};
					};
					72881E8A1FFA8579009D23C2 = {
						CreatedOnToolsVersion = 9.2;
						ProvisioningStyle = Automatic;
						TestTargetID = 72881E761FFA8579009D23C2;
					};
				};
			};
			buildConfigurationList = 72881E721FFA8579009D23C2 /* Build configuration list for PBXProject "HomeBase" */;
			compatibilityVersion = "Xcode 8.0";
			developmentRegion = en;
			hasScannedForEncodings = 0;
			knownRegions = (
				en,
				Base,
			);
			mainGroup = 72881E6E1FFA8579009D23C2;
			productRefGroup = 72881E781FFA8579009D23C2 /* Products */;
			projectDirPath = "";
			projectRoot = "";
			targets = (
				72881E761FFA8579009D23C2 /* HomeBase */,
				72881E8A1FFA8579009D23C2 /* HomeBaseTests */,
			);
		};
/* End PBXProject section */

/* Begin PBXResourcesBuildPhase section */
		72881E751FFA8579009D23C2 /* Resources */ = {
			isa = PBXResourcesBuildPhase;
			buildActionMask = 2147483647;
			files = (
				72881E851FFA8579009D23C2 /* LaunchScreen.storyboard in Resources */,
				72ABA1D2202986DB00635927 /* Team.storyboard in Resources */,
				72881EA31FFB3B98009D23C2 /* Main.storyboard in Resources */,
				72881E9B1FFB2E0F009D23C2 /* GoogleService-Info.plist in Resources */,
				72881E821FFA8579009D23C2 /* Assets.xcassets in Resources */,
				72B6F2EF2029D6F200CA0755 /* Personal.storyboard in Resources */,
				72881E9E1FFB3291009D23C2 /* Start.storyboard in Resources */,
				7263766E203FF5ED00388939 /* Schedule.storyboard in Resources */,
			);
			runOnlyForDeploymentPostprocessing = 0;
		};
		72881E891FFA8579009D23C2 /* Resources */ = {
			isa = PBXResourcesBuildPhase;
			buildActionMask = 2147483647;
			files = (
			);
			runOnlyForDeploymentPostprocessing = 0;
		};
/* End PBXResourcesBuildPhase section */

/* Begin PBXShellScriptBuildPhase section */
		3B2370CB4D696E9810501E30 /* [CP] Copy Pods Resources */ = {
			isa = PBXShellScriptBuildPhase;
			buildActionMask = 2147483647;
			files = (
			);
			inputPaths = (
				"${SRCROOT}/Pods/Target Support Files/Pods-HomeBase/Pods-HomeBase-resources.sh",
				"${PODS_ROOT}/GoogleSignIn/Resources/GoogleSignIn.bundle",
			);
			name = "[CP] Copy Pods Resources";
			outputPaths = (
				"${TARGET_BUILD_DIR}/${UNLOCALIZED_RESOURCES_FOLDER_PATH}",
			);
			runOnlyForDeploymentPostprocessing = 0;
			shellPath = /bin/sh;
			shellScript = "\"${SRCROOT}/Pods/Target Support Files/Pods-HomeBase/Pods-HomeBase-resources.sh\"\n";
			showEnvVarsInLog = 0;
		};
		517BF6D3467D030BFD7782D8 /* [CP] Embed Pods Frameworks */ = {
			isa = PBXShellScriptBuildPhase;
			buildActionMask = 2147483647;
			files = (
			);
			inputPaths = (
				"${SRCROOT}/Pods/Target Support Files/Pods-HomeBase/Pods-HomeBase-frameworks.sh",
				"${BUILT_PRODUCTS_DIR}/Alamofire/Alamofire.framework",
				"${BUILT_PRODUCTS_DIR}/Bolts/Bolts.framework",
				"${BUILT_PRODUCTS_DIR}/FBSDKCoreKit/FBSDKCoreKit.framework",
				"${BUILT_PRODUCTS_DIR}/FBSDKLoginKit/FBSDKLoginKit.framework",
				"${BUILT_PRODUCTS_DIR}/FBSDKShareKit/FBSDKShareKit.framework",
				"${BUILT_PRODUCTS_DIR}/FacebookCore/FacebookCore.framework",
				"${BUILT_PRODUCTS_DIR}/FacebookShare/FacebookShare.framework",
				"${BUILT_PRODUCTS_DIR}/GTMOAuth2/GTMOAuth2.framework",
				"${BUILT_PRODUCTS_DIR}/GTMSessionFetcher/GTMSessionFetcher.framework",
				"${BUILT_PRODUCTS_DIR}/GoogleToolboxForMac/GoogleToolboxForMac.framework",
				"${BUILT_PRODUCTS_DIR}/leveldb-library/leveldb.framework",
				"${BUILT_PRODUCTS_DIR}/nanopb/nanopb.framework",
			);
			name = "[CP] Embed Pods Frameworks";
			outputPaths = (
				"${TARGET_BUILD_DIR}/${FRAMEWORKS_FOLDER_PATH}/Alamofire.framework",
				"${TARGET_BUILD_DIR}/${FRAMEWORKS_FOLDER_PATH}/Bolts.framework",
				"${TARGET_BUILD_DIR}/${FRAMEWORKS_FOLDER_PATH}/FBSDKCoreKit.framework",
				"${TARGET_BUILD_DIR}/${FRAMEWORKS_FOLDER_PATH}/FBSDKLoginKit.framework",
				"${TARGET_BUILD_DIR}/${FRAMEWORKS_FOLDER_PATH}/FBSDKShareKit.framework",
				"${TARGET_BUILD_DIR}/${FRAMEWORKS_FOLDER_PATH}/FacebookCore.framework",
				"${TARGET_BUILD_DIR}/${FRAMEWORKS_FOLDER_PATH}/FacebookShare.framework",
				"${TARGET_BUILD_DIR}/${FRAMEWORKS_FOLDER_PATH}/GTMOAuth2.framework",
				"${TARGET_BUILD_DIR}/${FRAMEWORKS_FOLDER_PATH}/GTMSessionFetcher.framework",
				"${TARGET_BUILD_DIR}/${FRAMEWORKS_FOLDER_PATH}/GoogleToolboxForMac.framework",
				"${TARGET_BUILD_DIR}/${FRAMEWORKS_FOLDER_PATH}/leveldb.framework",
				"${TARGET_BUILD_DIR}/${FRAMEWORKS_FOLDER_PATH}/nanopb.framework",
			);
			runOnlyForDeploymentPostprocessing = 0;
			shellPath = /bin/sh;
			shellScript = "\"${SRCROOT}/Pods/Target Support Files/Pods-HomeBase/Pods-HomeBase-frameworks.sh\"\n";
			showEnvVarsInLog = 0;
		};
		82082EBF1B087E8F86128607 /* [CP] Embed Pods Frameworks */ = {
			isa = PBXShellScriptBuildPhase;
			buildActionMask = 2147483647;
			files = (
			);
			inputPaths = (
			);
			name = "[CP] Embed Pods Frameworks";
			outputPaths = (
			);
			runOnlyForDeploymentPostprocessing = 0;
			shellPath = /bin/sh;
			shellScript = "\"${SRCROOT}/Pods/Target Support Files/Pods-HomeBaseTests/Pods-HomeBaseTests-frameworks.sh\"\n";
			showEnvVarsInLog = 0;
		};
		A102BA777BF4264FF177046C /* [CP] Check Pods Manifest.lock */ = {
			isa = PBXShellScriptBuildPhase;
			buildActionMask = 2147483647;
			files = (
			);
			inputPaths = (
				"${PODS_PODFILE_DIR_PATH}/Podfile.lock",
				"${PODS_ROOT}/Manifest.lock",
			);
			name = "[CP] Check Pods Manifest.lock";
			outputPaths = (
				"$(DERIVED_FILE_DIR)/Pods-HomeBaseTests-checkManifestLockResult.txt",
			);
			runOnlyForDeploymentPostprocessing = 0;
			shellPath = /bin/sh;
			shellScript = "diff \"${PODS_PODFILE_DIR_PATH}/Podfile.lock\" \"${PODS_ROOT}/Manifest.lock\" > /dev/null\nif [ $? != 0 ] ; then\n    # print error to STDERR\n    echo \"error: The sandbox is not in sync with the Podfile.lock. Run 'pod install' or update your CocoaPods installation.\" >&2\n    exit 1\nfi\n# This output is used by Xcode 'outputs' to avoid re-running this script phase.\necho \"SUCCESS\" > \"${SCRIPT_OUTPUT_FILE_0}\"\n";
			showEnvVarsInLog = 0;
		};
		C92F02D14F7E95F3029782DC /* [CP] Copy Pods Resources */ = {
			isa = PBXShellScriptBuildPhase;
			buildActionMask = 2147483647;
			files = (
			);
			inputPaths = (
			);
			name = "[CP] Copy Pods Resources";
			outputPaths = (
			);
			runOnlyForDeploymentPostprocessing = 0;
			shellPath = /bin/sh;
			shellScript = "\"${SRCROOT}/Pods/Target Support Files/Pods-HomeBaseTests/Pods-HomeBaseTests-resources.sh\"\n";
			showEnvVarsInLog = 0;
		};
		C9C615D0C4425B6597D7968F /* [CP] Check Pods Manifest.lock */ = {
			isa = PBXShellScriptBuildPhase;
			buildActionMask = 2147483647;
			files = (
			);
			inputPaths = (
				"${PODS_PODFILE_DIR_PATH}/Podfile.lock",
				"${PODS_ROOT}/Manifest.lock",
			);
			name = "[CP] Check Pods Manifest.lock";
			outputPaths = (
				"$(DERIVED_FILE_DIR)/Pods-HomeBase-checkManifestLockResult.txt",
			);
			runOnlyForDeploymentPostprocessing = 0;
			shellPath = /bin/sh;
			shellScript = "diff \"${PODS_PODFILE_DIR_PATH}/Podfile.lock\" \"${PODS_ROOT}/Manifest.lock\" > /dev/null\nif [ $? != 0 ] ; then\n    # print error to STDERR\n    echo \"error: The sandbox is not in sync with the Podfile.lock. Run 'pod install' or update your CocoaPods installation.\" >&2\n    exit 1\nfi\n# This output is used by Xcode 'outputs' to avoid re-running this script phase.\necho \"SUCCESS\" > \"${SCRIPT_OUTPUT_FILE_0}\"\n";
			showEnvVarsInLog = 0;
		};
/* End PBXShellScriptBuildPhase section */

/* Begin PBXSourcesBuildPhase section */
		72881E731FFA8579009D23C2 /* Sources */ = {
			isa = PBXSourcesBuildPhase;
			buildActionMask = 2147483647;
			files = (
				726376772044222400388939 /* ScheduleMonthlySectionCell.swift in Sources */,
				72637665203FF4AC00388939 /* ScheduleTableViewController.swift in Sources */,
				72C5755220297E94000432DB /* MainTabBarController.swift in Sources */,
				728EE776202FAD95006108F9 /* MainNextScheduleView.swift in Sources */,
				72E15E7E203D6C0B00ECA9A3 /* MainTopRankingView.swift in Sources */,
				7282D75E20E2C35400716CB9 /* TeamSettingMoreViewController.swift in Sources */,
				729AC646201F34DE00F5FED2 /* SignInViewController.swift in Sources */,
				72D9322020239B21003F3889 /* RegisterTeamJoinErrorViewController.swift in Sources */,
				7277BF9F209B862600AA8256 /* ScheduleMonthlySectionBlankCell.swift in Sources */,
				720E98AC20B728A900C45CEE /* PersonalPitcherView.swift in Sources */,
				72E6600820A98CBE00371A5E /* ScheduleDetailLoadPitcherView.swift in Sources */,
				72D9322420239CAA003F3889 /* RegisterTeamCompleteCopyViewController.swift in Sources */,
				72B6F2EA20299CE300CA0755 /* MainTeamInfoView.swift in Sources */,
				72637663203E875000388939 /* MainTopSectionHeaderCell.swift in Sources */,
				72976272201EFB8A00A2CE4A /* ForgotErrorViewController.swift in Sources */,
				72B7A74620B2F0D900E9AEB9 /* PersonalHeaderView.swift in Sources */,
				72DAEE9E20C2868F00E9E3E3 /* TeamNavigation.swift in Sources */,
				7263767F2045CE3F00388939 /* MainViewController.swift in Sources */,
				720DFFE7204C6EA10098C473 /* ScheduleDetailRecordPlayerViewController.swift in Sources */,
				72F07BFF200C6B9B004C83F6 /* ForgotSelectViewController.swift in Sources */,
				7282D75C20E2B0CB00716CB9 /* TeamSettingMemberCell.swift in Sources */,
				7213D7732021C74A00FB028C /* RegisterUserNavigation.swift in Sources */,
				7244A943206924150032F8B8 /* ScheduleDetailRecordMatchViewController.swift in Sources */,
				726376792045248000388939 /* ScheduleCreateViewController.swift in Sources */,
				7213179A20C52F4700A512C1 /* TeamSettingTeamDataViewController.swift in Sources */,
				72B7A74C20B597A700E9AEB9 /* PersonalRankingGraphView.swift in Sources */,
				7220479F2034B7B40088BEE4 /* MainTopSectionCell.swift in Sources */,
				7266D5CD20ECBFD700687C11 /* PersonalSettingPlayerView.swift in Sources */,
				720E98B020B8230500C45CEE /* PersonalSettingViewController.swift in Sources */,
				72E6600420A97BA600371A5E /* ScheduleDetailLoadPlayerViewController.swift in Sources */,
				72F5ECF720473AE400C7B594 /* ScheduleDetailPlayerCell.swift in Sources */,
				72B7A74320B2EE5100E9AEB9 /* PersonalTableViewController.swift in Sources */,
				72E96C9A200603A000B68F29 /* RegisterTeamJoinViewController.swift in Sources */,
				72B7A74120B2EDFF00E9AEB9 /* PersonalNavigation.swift in Sources */,
				7213179620C2969000A512C1 /* TeamDataView.swift in Sources */,
				728EE77A203369F2006108F9 /* MainBlankView.swift in Sources */,
				72DAEE9C20C2867E00E9E3E3 /* TeamTableViewController.swift in Sources */,
				72134FC2203D9300007B7FCB /* MainTableViewController.swift in Sources */,
				72C54DE220F120590066AD4F /* TeamSettingCodeCompleteViewController.swift in Sources */,
				720DFFE3204C2C980098C473 /* ScheduleDetailRecordPlayerHeaderView.swift in Sources */,
				72637671203FFC7E00388939 /* ScheduleRecentView.swift in Sources */,
				72F5ECF42046E44B00C7B594 /* ScheduleDetailInfoView.swift in Sources */,
				72D9322220239B33003F3889 /* RegisterTeamJoinEnterViewController.swift in Sources */,
				720DFFDF204BFEDD0098C473 /* ScheduleDetailTableViewController.swift in Sources */,
				72C44F572062D1BD00554FFA /* ScheduleNoDataView.swift in Sources */,
				725B850A200181350024588D /* RegisterUserInfoViewController.swift in Sources */,
				72C54DE020F11A080066AD4F /* TeamSettingCodeViewController.swift in Sources */,
				72F07C0B200C77FC004C83F6 /* ForgotSelectNavigation.swift in Sources */,
				72E96C96200600E000B68F29 /* RegisterTeamCreateViewController.swift in Sources */,
				7213D76D2020DC3F00FB028C /* RegisterTeamCompleteViewController.swift in Sources */,
				729AC644201F2ED800F5FED2 /* SignInErrorViewController.swift in Sources */,
				72E96C9C200607D000B68F29 /* RegisterTeamNavigation.swift in Sources */,
				7213179420C2892E00A512C1 /* TeamInfoView.swift in Sources */,
				7231C9272018F3AD004FE531 /* CloudFunction.swift in Sources */,
				7213D7712021BBE000FB028C /* Models.swift in Sources */,
				7263767D204551EE00388939 /* ScheduleNavigation.swift in Sources */,
				72378A7020081BC0007ED442 /* CustomMethods.swift in Sources */,
				725B8508200180D90024588D /* RegisterPlayerInfoViewController.swift in Sources */,
				720DFFE5204C64FF0098C473 /* ScheduleDetailRecordPlayerTableViewCell.swift in Sources */,
				72B7A75020B6E1E500E9AEB9 /* PersonalBatterView.swift in Sources */,
				725B85001FFE326B0024588D /* SignUpViewController.swift in Sources */,
				721A619D20189EFD000A5646 /* SignUpCompleteViewController.swift in Sources */,
				7282D76020E3A32000716CB9 /* TeamSettingCheckViewController.swift in Sources */,
				7266D5CB20ECBFCA00687C11 /* PersonalSettingUserView.swift in Sources */,
				72209AF320F0DE1E008AA116 /* PersonalSettingErrorViewController.swift in Sources */,
				72D1035C2074E6EE007D1610 /* CustomProperties.swift in Sources */,
				720E98AE20B72B9400C45CEE /* PersonalRecordView.swift in Sources */,
				72881E7B1FFA8579009D23C2 /* AppDelegate.swift in Sources */,
				72E6600620A98CB100371A5E /* ScheduleDetailLoadBatterView.swift in Sources */,
				72B7A75220B6E2F700E9AEB9 /* RecordView.swift in Sources */,
				72E916C5209F7D950018A033 /* ScheduleDeleteViewController.swift in Sources */,
				72F07C03200C6BBD004C83F6 /* ForgotPasswordViewController.swift in Sources */,
				72F07C01200C6BB0004C83F6 /* ForgotEmailViewController.swift in Sources */,
				726376732040090300388939 /* ScheduleRecordView.swift in Sources */,
				726376752043F41B00388939 /* ScheduleMonthlySectionHeaderView.swift in Sources */,
				7282D75A20E2A95B00716CB9 /* TeamSettingMemberTableViewController.swift in Sources */,
				7297626E201EF91000A2CE4A /* FindPasswordViewController.swift in Sources */,
				7213179820C3F97800A512C1 /* TeamPlayerListCell.swift in Sources */,
				72B7A74820B57BB700E9AEB9 /* PersonalRankingView.swift in Sources */,
				7231C929201905F7004FE531 /* FindEmailViewController.swift in Sources */,
				72E96C982006026200B68F29 /* RegisterTeamChoiceViewController.swift in Sources */,
				7221D7BF2072A23900533E6B /* ScheduleMonthlySectionHeaderCell.swift in Sources */,
			);
			runOnlyForDeploymentPostprocessing = 0;
		};
		72881E871FFA8579009D23C2 /* Sources */ = {
			isa = PBXSourcesBuildPhase;
			buildActionMask = 2147483647;
			files = (
				72881E901FFA8579009D23C2 /* HomeBaseTests.swift in Sources */,
			);
			runOnlyForDeploymentPostprocessing = 0;
		};
/* End PBXSourcesBuildPhase section */

/* Begin PBXTargetDependency section */
		72881E8D1FFA8579009D23C2 /* PBXTargetDependency */ = {
			isa = PBXTargetDependency;
			target = 72881E761FFA8579009D23C2 /* HomeBase */;
			targetProxy = 72881E8C1FFA8579009D23C2 /* PBXContainerItemProxy */;
		};
/* End PBXTargetDependency section */

/* Begin PBXVariantGroup section */
		7263766C203FF5ED00388939 /* Schedule.storyboard */ = {
			isa = PBXVariantGroup;
			children = (
				7263766D203FF5ED00388939 /* Base */,
			);
			name = Schedule.storyboard;
			sourceTree = "<group>";
		};
		72881E831FFA8579009D23C2 /* LaunchScreen.storyboard */ = {
			isa = PBXVariantGroup;
			children = (
				72881E841FFA8579009D23C2 /* Base */,
			);
			name = LaunchScreen.storyboard;
			sourceTree = "<group>";
		};
		72881E9C1FFB3291009D23C2 /* Start.storyboard */ = {
			isa = PBXVariantGroup;
			children = (
				72881E9D1FFB3291009D23C2 /* Base */,
			);
			name = Start.storyboard;
			sourceTree = "<group>";
		};
		72881EA11FFB3B98009D23C2 /* Main.storyboard */ = {
			isa = PBXVariantGroup;
			children = (
				72881EA21FFB3B98009D23C2 /* Base */,
			);
			name = Main.storyboard;
			sourceTree = "<group>";
		};
		72ABA1D0202986DB00635927 /* Team.storyboard */ = {
			isa = PBXVariantGroup;
			children = (
				72ABA1D1202986DB00635927 /* Base */,
			);
			name = Team.storyboard;
			sourceTree = "<group>";
		};
		72B6F2ED2029D6F200CA0755 /* Personal.storyboard */ = {
			isa = PBXVariantGroup;
			children = (
				72B6F2EE2029D6F200CA0755 /* Base */,
			);
			name = Personal.storyboard;
			sourceTree = "<group>";
		};
/* End PBXVariantGroup section */

/* Begin XCBuildConfiguration section */
		72881E921FFA8579009D23C2 /* Debug */ = {
			isa = XCBuildConfiguration;
			buildSettings = {
				ALWAYS_SEARCH_USER_PATHS = NO;
				CLANG_ANALYZER_NONNULL = YES;
				CLANG_ANALYZER_NUMBER_OBJECT_CONVERSION = YES_AGGRESSIVE;
				CLANG_CXX_LANGUAGE_STANDARD = "gnu++14";
				CLANG_CXX_LIBRARY = "libc++";
				CLANG_ENABLE_MODULES = YES;
				CLANG_ENABLE_OBJC_ARC = YES;
				CLANG_WARN_BLOCK_CAPTURE_AUTORELEASING = YES;
				CLANG_WARN_BOOL_CONVERSION = YES;
				CLANG_WARN_COMMA = YES;
				CLANG_WARN_CONSTANT_CONVERSION = YES;
				CLANG_WARN_DIRECT_OBJC_ISA_USAGE = YES_ERROR;
				CLANG_WARN_DOCUMENTATION_COMMENTS = YES;
				CLANG_WARN_EMPTY_BODY = YES;
				CLANG_WARN_ENUM_CONVERSION = YES;
				CLANG_WARN_INFINITE_RECURSION = YES;
				CLANG_WARN_INT_CONVERSION = YES;
				CLANG_WARN_NON_LITERAL_NULL_CONVERSION = YES;
				CLANG_WARN_OBJC_LITERAL_CONVERSION = YES;
				CLANG_WARN_OBJC_ROOT_CLASS = YES_ERROR;
				CLANG_WARN_RANGE_LOOP_ANALYSIS = YES;
				CLANG_WARN_STRICT_PROTOTYPES = YES;
				CLANG_WARN_SUSPICIOUS_MOVE = YES;
				CLANG_WARN_UNGUARDED_AVAILABILITY = YES_AGGRESSIVE;
				CLANG_WARN_UNREACHABLE_CODE = YES;
				CLANG_WARN__DUPLICATE_METHOD_MATCH = YES;
				CODE_SIGN_IDENTITY = "iPhone Developer";
				COPY_PHASE_STRIP = NO;
				DEBUG_INFORMATION_FORMAT = dwarf;
				ENABLE_STRICT_OBJC_MSGSEND = YES;
				ENABLE_TESTABILITY = YES;
				GCC_C_LANGUAGE_STANDARD = gnu11;
				GCC_DYNAMIC_NO_PIC = NO;
				GCC_NO_COMMON_BLOCKS = YES;
				GCC_OPTIMIZATION_LEVEL = 0;
				GCC_PREPROCESSOR_DEFINITIONS = (
					"DEBUG=1",
					"$(inherited)",
				);
				GCC_WARN_64_TO_32_BIT_CONVERSION = YES;
				GCC_WARN_ABOUT_RETURN_TYPE = YES_ERROR;
				GCC_WARN_UNDECLARED_SELECTOR = YES;
				GCC_WARN_UNINITIALIZED_AUTOS = YES_AGGRESSIVE;
				GCC_WARN_UNUSED_FUNCTION = YES;
				GCC_WARN_UNUSED_VARIABLE = YES;
				IPHONEOS_DEPLOYMENT_TARGET = 11.2;
				MTL_ENABLE_DEBUG_INFO = YES;
				ONLY_ACTIVE_ARCH = YES;
				SDKROOT = iphoneos;
				SWIFT_ACTIVE_COMPILATION_CONDITIONS = DEBUG;
				SWIFT_OPTIMIZATION_LEVEL = "-Onone";
			};
			name = Debug;
		};
		72881E931FFA8579009D23C2 /* Release */ = {
			isa = XCBuildConfiguration;
			buildSettings = {
				ALWAYS_SEARCH_USER_PATHS = NO;
				CLANG_ANALYZER_NONNULL = YES;
				CLANG_ANALYZER_NUMBER_OBJECT_CONVERSION = YES_AGGRESSIVE;
				CLANG_CXX_LANGUAGE_STANDARD = "gnu++14";
				CLANG_CXX_LIBRARY = "libc++";
				CLANG_ENABLE_MODULES = YES;
				CLANG_ENABLE_OBJC_ARC = YES;
				CLANG_WARN_BLOCK_CAPTURE_AUTORELEASING = YES;
				CLANG_WARN_BOOL_CONVERSION = YES;
				CLANG_WARN_COMMA = YES;
				CLANG_WARN_CONSTANT_CONVERSION = YES;
				CLANG_WARN_DIRECT_OBJC_ISA_USAGE = YES_ERROR;
				CLANG_WARN_DOCUMENTATION_COMMENTS = YES;
				CLANG_WARN_EMPTY_BODY = YES;
				CLANG_WARN_ENUM_CONVERSION = YES;
				CLANG_WARN_INFINITE_RECURSION = YES;
				CLANG_WARN_INT_CONVERSION = YES;
				CLANG_WARN_NON_LITERAL_NULL_CONVERSION = YES;
				CLANG_WARN_OBJC_LITERAL_CONVERSION = YES;
				CLANG_WARN_OBJC_ROOT_CLASS = YES_ERROR;
				CLANG_WARN_RANGE_LOOP_ANALYSIS = YES;
				CLANG_WARN_STRICT_PROTOTYPES = YES;
				CLANG_WARN_SUSPICIOUS_MOVE = YES;
				CLANG_WARN_UNGUARDED_AVAILABILITY = YES_AGGRESSIVE;
				CLANG_WARN_UNREACHABLE_CODE = YES;
				CLANG_WARN__DUPLICATE_METHOD_MATCH = YES;
				CODE_SIGN_IDENTITY = "iPhone Developer";
				COPY_PHASE_STRIP = NO;
				DEBUG_INFORMATION_FORMAT = "dwarf-with-dsym";
				ENABLE_NS_ASSERTIONS = NO;
				ENABLE_STRICT_OBJC_MSGSEND = YES;
				GCC_C_LANGUAGE_STANDARD = gnu11;
				GCC_NO_COMMON_BLOCKS = YES;
				GCC_WARN_64_TO_32_BIT_CONVERSION = YES;
				GCC_WARN_ABOUT_RETURN_TYPE = YES_ERROR;
				GCC_WARN_UNDECLARED_SELECTOR = YES;
				GCC_WARN_UNINITIALIZED_AUTOS = YES_AGGRESSIVE;
				GCC_WARN_UNUSED_FUNCTION = YES;
				GCC_WARN_UNUSED_VARIABLE = YES;
				IPHONEOS_DEPLOYMENT_TARGET = 11.2;
				MTL_ENABLE_DEBUG_INFO = NO;
				SDKROOT = iphoneos;
				SWIFT_OPTIMIZATION_LEVEL = "-Owholemodule";
				VALIDATE_PRODUCT = YES;
			};
			name = Release;
		};
		72881E951FFA8579009D23C2 /* Debug */ = {
			isa = XCBuildConfiguration;
			baseConfigurationReference = 85D28CE54F7FB2CB3B7FE2D2 /* Pods-HomeBase.debug.xcconfig */;
			buildSettings = {
				ASSETCATALOG_COMPILER_APPICON_NAME = AppIcon;
				CODE_SIGN_ENTITLEMENTS = HomeBase/HomeBase.entitlements;
				CODE_SIGN_STYLE = Automatic;
				DEVELOPMENT_TEAM = 836DYQVDP8;
				ENABLE_BITCODE = YES;
				INFOPLIST_FILE = HomeBase/Info.plist;
				IPHONEOS_DEPLOYMENT_TARGET = 10.0;
				LD_RUNPATH_SEARCH_PATHS = "$(inherited) @executable_path/Frameworks";
				PRODUCT_BUNDLE_IDENTIFIER = com.leejun.HomeBase;
				PRODUCT_NAME = "$(TARGET_NAME)";
				SWIFT_VERSION = 4.0;
				TARGETED_DEVICE_FAMILY = 1;
			};
			name = Debug;
		};
		72881E961FFA8579009D23C2 /* Release */ = {
			isa = XCBuildConfiguration;
			baseConfigurationReference = 273D17BEBADC7FEBF4893D36 /* Pods-HomeBase.release.xcconfig */;
			buildSettings = {
				ASSETCATALOG_COMPILER_APPICON_NAME = AppIcon;
				CODE_SIGN_ENTITLEMENTS = HomeBase/HomeBase.entitlements;
				CODE_SIGN_STYLE = Automatic;
				DEVELOPMENT_TEAM = 836DYQVDP8;
				ENABLE_BITCODE = YES;
				INFOPLIST_FILE = HomeBase/Info.plist;
				IPHONEOS_DEPLOYMENT_TARGET = 10.0;
				LD_RUNPATH_SEARCH_PATHS = "$(inherited) @executable_path/Frameworks";
				PRODUCT_BUNDLE_IDENTIFIER = com.leejun.HomeBase;
				PRODUCT_NAME = "$(TARGET_NAME)";
				SWIFT_VERSION = 4.0;
				TARGETED_DEVICE_FAMILY = 1;
			};
			name = Release;
		};
		72881E981FFA8579009D23C2 /* Debug */ = {
			isa = XCBuildConfiguration;
			baseConfigurationReference = B1610B1C17C0264F1B7B9E0A /* Pods-HomeBaseTests.debug.xcconfig */;
			buildSettings = {
				ALWAYS_EMBED_SWIFT_STANDARD_LIBRARIES = YES;
				BUNDLE_LOADER = "$(TEST_HOST)";
				CODE_SIGN_STYLE = Automatic;
				DEVELOPMENT_TEAM = 836DYQVDP8;
				INFOPLIST_FILE = HomeBaseTests/Info.plist;
				LD_RUNPATH_SEARCH_PATHS = "$(inherited) @executable_path/Frameworks @loader_path/Frameworks";
				PRODUCT_BUNDLE_IDENTIFIER = com.leejun.HomeBaseTests;
				PRODUCT_NAME = "$(TARGET_NAME)";
				SWIFT_VERSION = 4.0;
				TARGETED_DEVICE_FAMILY = "1,2";
				TEST_HOST = "$(BUILT_PRODUCTS_DIR)/HomeBase.app/HomeBase";
			};
			name = Debug;
		};
		72881E991FFA8579009D23C2 /* Release */ = {
			isa = XCBuildConfiguration;
			baseConfigurationReference = A196C76AF66304FEA028D6BC /* Pods-HomeBaseTests.release.xcconfig */;
			buildSettings = {
				ALWAYS_EMBED_SWIFT_STANDARD_LIBRARIES = YES;
				BUNDLE_LOADER = "$(TEST_HOST)";
				CODE_SIGN_STYLE = Automatic;
				DEVELOPMENT_TEAM = 836DYQVDP8;
				INFOPLIST_FILE = HomeBaseTests/Info.plist;
				LD_RUNPATH_SEARCH_PATHS = "$(inherited) @executable_path/Frameworks @loader_path/Frameworks";
				PRODUCT_BUNDLE_IDENTIFIER = com.leejun.HomeBaseTests;
				PRODUCT_NAME = "$(TARGET_NAME)";
				SWIFT_VERSION = 4.0;
				TARGETED_DEVICE_FAMILY = "1,2";
				TEST_HOST = "$(BUILT_PRODUCTS_DIR)/HomeBase.app/HomeBase";
			};
			name = Release;
		};
/* End XCBuildConfiguration section */

/* Begin XCConfigurationList section */
		72881E721FFA8579009D23C2 /* Build configuration list for PBXProject "HomeBase" */ = {
			isa = XCConfigurationList;
			buildConfigurations = (
				72881E921FFA8579009D23C2 /* Debug */,
				72881E931FFA8579009D23C2 /* Release */,
			);
			defaultConfigurationIsVisible = 0;
			defaultConfigurationName = Release;
		};
		72881E941FFA8579009D23C2 /* Build configuration list for PBXNativeTarget "HomeBase" */ = {
			isa = XCConfigurationList;
			buildConfigurations = (
				72881E951FFA8579009D23C2 /* Debug */,
				72881E961FFA8579009D23C2 /* Release */,
			);
			defaultConfigurationIsVisible = 0;
			defaultConfigurationName = Release;
		};
		72881E971FFA8579009D23C2 /* Build configuration list for PBXNativeTarget "HomeBaseTests" */ = {
			isa = XCConfigurationList;
			buildConfigurations = (
				72881E981FFA8579009D23C2 /* Debug */,
				72881E991FFA8579009D23C2 /* Release */,
			);
			defaultConfigurationIsVisible = 0;
			defaultConfigurationName = Release;
		};
/* End XCConfigurationList section */
	};
	rootObject = 72881E6F1FFA8579009D23C2 /* Project object */;
}
